// !$*UTF8*$!
{
	archiveVersion = 1;
	classes = {
	};
	objectVersion = 46;
	objects = {

/* Begin PBXBuildFile section */
		30031AA81DCEA82200FC34FE /* DIYExampleViewController.swift in Sources */ = {isa = PBXBuildFile; fileRef = 30031AA71DCEA82200FC34FE /* DIYExampleViewController.swift */; };
		30031AAA1DCEA83200FC34FE /* DIYCalendarCell.swift in Sources */ = {isa = PBXBuildFile; fileRef = 30031AA91DCEA83200FC34FE /* DIYCalendarCell.swift */; };
		3024AF171E164F8C008B6001 /* DelegateAppearanceViewController.swift in Sources */ = {isa = PBXBuildFile; fileRef = 3024AF161E164F8C008B6001 /* DelegateAppearanceViewController.swift */; };
		303478391DB520C8007BBD2E /* TableViewController.swift in Sources */ = {isa = PBXBuildFile; fileRef = 303478381DB520C8007BBD2E /* TableViewController.swift */; };
		305282C91E1608A100CC2877 /* FSCalendarScopeViewController.swift in Sources */ = {isa = PBXBuildFile; fileRef = 305282C81E1608A100CC2877 /* FSCalendarScopeViewController.swift */; };
		30D458E91DB4E2DB00B163C7 /* LoadViewExampleViewController.swift in Sources */ = {isa = PBXBuildFile; fileRef = 30D458E81DB4E2DB00B163C7 /* LoadViewExampleViewController.swift */; };
		891D1E821E20BBC6007FEE63 /* FullCalendarController.swift in Sources */ = {isa = PBXBuildFile; fileRef = 891D1E811E20BBC6007FEE63 /* FullCalendarController.swift */; };
		891D1EA71E20E84A007FEE63 /* FSCalendar+Deprecated.m in Sources */ = {isa = PBXBuildFile; fileRef = 891D1E861E20E84A007FEE63 /* FSCalendar+Deprecated.m */; };
		891D1EA81E20E84A007FEE63 /* FSCalendar.m in Sources */ = {isa = PBXBuildFile; fileRef = 891D1E881E20E84A007FEE63 /* FSCalendar.m */; };
		891D1EA91E20E84A007FEE63 /* FSCalendarAnimator.m in Sources */ = {isa = PBXBuildFile; fileRef = 891D1E8A1E20E84A007FEE63 /* FSCalendarAnimator.m */; };
		891D1EAA1E20E84A007FEE63 /* FSCalendarAppearance.m in Sources */ = {isa = PBXBuildFile; fileRef = 891D1E8C1E20E84A007FEE63 /* FSCalendarAppearance.m */; };
		891D1EAB1E20E84A007FEE63 /* FSCalendarCalculator.m in Sources */ = {isa = PBXBuildFile; fileRef = 891D1E8E1E20E84A007FEE63 /* FSCalendarCalculator.m */; };
		891D1EAC1E20E84A007FEE63 /* FSCalendarCell.m in Sources */ = {isa = PBXBuildFile; fileRef = 891D1E901E20E84A007FEE63 /* FSCalendarCell.m */; };
		891D1EAD1E20E84A007FEE63 /* FSCalendarCollectionView.m in Sources */ = {isa = PBXBuildFile; fileRef = 891D1E921E20E84A007FEE63 /* FSCalendarCollectionView.m */; };
		891D1EAE1E20E84A007FEE63 /* FSCalendarCollectionViewLayout.m in Sources */ = {isa = PBXBuildFile; fileRef = 891D1E941E20E84A007FEE63 /* FSCalendarCollectionViewLayout.m */; };
		891D1EAF1E20E84A007FEE63 /* FSCalendarConstants.m in Sources */ = {isa = PBXBuildFile; fileRef = 891D1E961E20E84A007FEE63 /* FSCalendarConstants.m */; };
		891D1EB01E20E84A007FEE63 /* FSCalendarDelegationFactory.m in Sources */ = {isa = PBXBuildFile; fileRef = 891D1E981E20E84A007FEE63 /* FSCalendarDelegationFactory.m */; };
		891D1EB11E20E84A007FEE63 /* FSCalendarDelegationProxy.m in Sources */ = {isa = PBXBuildFile; fileRef = 891D1E9A1E20E84A007FEE63 /* FSCalendarDelegationProxy.m */; };
		891D1EB21E20E84A007FEE63 /* FSCalendarExtensions.m in Sources */ = {isa = PBXBuildFile; fileRef = 891D1E9D1E20E84A007FEE63 /* FSCalendarExtensions.m */; };
		891D1EB31E20E84A007FEE63 /* FSCalendarHeaderView.m in Sources */ = {isa = PBXBuildFile; fileRef = 891D1E9F1E20E84A007FEE63 /* FSCalendarHeaderView.m */; };
		891D1EB41E20E84A007FEE63 /* FSCalendarScopeHandle.m in Sources */ = {isa = PBXBuildFile; fileRef = 891D1EA11E20E84A007FEE63 /* FSCalendarScopeHandle.m */; };
		891D1EB51E20E84A007FEE63 /* FSCalendarStickyHeader.m in Sources */ = {isa = PBXBuildFile; fileRef = 891D1EA31E20E84A007FEE63 /* FSCalendarStickyHeader.m */; };
		891D1EB61E20E84A007FEE63 /* FSCalendarWeekdayView.m in Sources */ = {isa = PBXBuildFile; fileRef = 891D1EA51E20E84A007FEE63 /* FSCalendarWeekdayView.m */; };
		891D1EB71E20E84A007FEE63 /* Info.plist in Resources */ = {isa = PBXBuildFile; fileRef = 891D1EA61E20E84A007FEE63 /* Info.plist */; };
		EE0954AD1B97DDE0007F6964 /* AppDelegate.swift in Sources */ = {isa = PBXBuildFile; fileRef = EE0954AC1B97DDE0007F6964 /* AppDelegate.swift */; };
		EE0954AF1B97DDE0007F6964 /* InterfaceBuilderViewController.swift in Sources */ = {isa = PBXBuildFile; fileRef = EE0954AE1B97DDE0007F6964 /* InterfaceBuilderViewController.swift */; };
		EE0954B21B97DDE0007F6964 /* Main.storyboard in Resources */ = {isa = PBXBuildFile; fileRef = EE0954B01B97DDE0007F6964 /* Main.storyboard */; };
		EE0954B41B97DDE0007F6964 /* Images.xcassets in Resources */ = {isa = PBXBuildFile; fileRef = EE0954B31B97DDE0007F6964 /* Images.xcassets */; };
		EE0954B71B97DDE0007F6964 /* LaunchScreen.xib in Resources */ = {isa = PBXBuildFile; fileRef = EE0954B51B97DDE0007F6964 /* LaunchScreen.xib */; };
		EE0954C31B97DDE0007F6964 /* SwiftExampleTests.swift in Sources */ = {isa = PBXBuildFile; fileRef = EE0954C21B97DDE0007F6964 /* SwiftExampleTests.swift */; };
/* End PBXBuildFile section */

/* Begin PBXContainerItemProxy section */
		EE0954BD1B97DDE0007F6964 /* PBXContainerItemProxy */ = {
			isa = PBXContainerItemProxy;
			containerPortal = EE09549F1B97DDE0007F6964 /* Project object */;
			proxyType = 1;
			remoteGlobalIDString = EE0954A61B97DDE0007F6964;
			remoteInfo = SwiftExample;
		};
/* End PBXContainerItemProxy section */

/* Begin PBXFileReference section */
		30031AA71DCEA82200FC34FE /* DIYExampleViewController.swift */ = {isa = PBXFileReference; fileEncoding = 4; lastKnownFileType = sourcecode.swift; path = DIYExampleViewController.swift; sourceTree = "<group>"; };
		30031AA91DCEA83200FC34FE /* DIYCalendarCell.swift */ = {isa = PBXFileReference; fileEncoding = 4; lastKnownFileType = sourcecode.swift; path = DIYCalendarCell.swift; sourceTree = "<group>"; };
		3024AF161E164F8C008B6001 /* DelegateAppearanceViewController.swift */ = {isa = PBXFileReference; fileEncoding = 4; lastKnownFileType = sourcecode.swift; path = DelegateAppearanceViewController.swift; sourceTree = "<group>"; };
		303478381DB520C8007BBD2E /* TableViewController.swift */ = {isa = PBXFileReference; fileEncoding = 4; lastKnownFileType = sourcecode.swift; path = TableViewController.swift; sourceTree = "<group>"; };
		305282C81E1608A100CC2877 /* FSCalendarScopeViewController.swift */ = {isa = PBXFileReference; fileEncoding = 4; lastKnownFileType = sourcecode.swift; path = FSCalendarScopeViewController.swift; sourceTree = "<group>"; };
		30D458E81DB4E2DB00B163C7 /* LoadViewExampleViewController.swift */ = {isa = PBXFileReference; fileEncoding = 4; lastKnownFileType = sourcecode.swift; path = LoadViewExampleViewController.swift; sourceTree = "<group>"; };
		891D1E811E20BBC6007FEE63 /* FullCalendarController.swift */ = {isa = PBXFileReference; fileEncoding = 4; lastKnownFileType = sourcecode.swift; path = FullCalendarController.swift; sourceTree = "<group>"; };
		891D1E861E20E84A007FEE63 /* FSCalendar+Deprecated.m */ = {isa = PBXFileReference; fileEncoding = 4; lastKnownFileType = sourcecode.c.objc; path = "FSCalendar+Deprecated.m"; sourceTree = "<group>"; };
		891D1E871E20E84A007FEE63 /* FSCalendar.h */ = {isa = PBXFileReference; fileEncoding = 4; lastKnownFileType = sourcecode.c.h; path = FSCalendar.h; sourceTree = "<group>"; };
		891D1E881E20E84A007FEE63 /* FSCalendar.m */ = {isa = PBXFileReference; fileEncoding = 4; lastKnownFileType = sourcecode.c.objc; path = FSCalendar.m; sourceTree = "<group>"; };
		891D1E891E20E84A007FEE63 /* FSCalendarAnimator.h */ = {isa = PBXFileReference; fileEncoding = 4; lastKnownFileType = sourcecode.c.h; path = FSCalendarAnimator.h; sourceTree = "<group>"; };
		891D1E8A1E20E84A007FEE63 /* FSCalendarAnimator.m */ = {isa = PBXFileReference; fileEncoding = 4; lastKnownFileType = sourcecode.c.objc; path = FSCalendarAnimator.m; sourceTree = "<group>"; };
		891D1E8B1E20E84A007FEE63 /* FSCalendarAppearance.h */ = {isa = PBXFileReference; fileEncoding = 4; lastKnownFileType = sourcecode.c.h; path = FSCalendarAppearance.h; sourceTree = "<group>"; };
		891D1E8C1E20E84A007FEE63 /* FSCalendarAppearance.m */ = {isa = PBXFileReference; fileEncoding = 4; lastKnownFileType = sourcecode.c.objc; path = FSCalendarAppearance.m; sourceTree = "<group>"; };
		891D1E8D1E20E84A007FEE63 /* FSCalendarCalculator.h */ = {isa = PBXFileReference; fileEncoding = 4; lastKnownFileType = sourcecode.c.h; path = FSCalendarCalculator.h; sourceTree = "<group>"; };
		891D1E8E1E20E84A007FEE63 /* FSCalendarCalculator.m */ = {isa = PBXFileReference; fileEncoding = 4; lastKnownFileType = sourcecode.c.objc; path = FSCalendarCalculator.m; sourceTree = "<group>"; };
		891D1E8F1E20E84A007FEE63 /* FSCalendarCell.h */ = {isa = PBXFileReference; fileEncoding = 4; lastKnownFileType = sourcecode.c.h; path = FSCalendarCell.h; sourceTree = "<group>"; };
		891D1E901E20E84A007FEE63 /* FSCalendarCell.m */ = {isa = PBXFileReference; fileEncoding = 4; lastKnownFileType = sourcecode.c.objc; path = FSCalendarCell.m; sourceTree = "<group>"; };
		891D1E911E20E84A007FEE63 /* FSCalendarCollectionView.h */ = {isa = PBXFileReference; fileEncoding = 4; lastKnownFileType = sourcecode.c.h; path = FSCalendarCollectionView.h; sourceTree = "<group>"; };
		891D1E921E20E84A007FEE63 /* FSCalendarCollectionView.m */ = {isa = PBXFileReference; fileEncoding = 4; lastKnownFileType = sourcecode.c.objc; path = FSCalendarCollectionView.m; sourceTree = "<group>"; };
		891D1E931E20E84A007FEE63 /* FSCalendarCollectionViewLayout.h */ = {isa = PBXFileReference; fileEncoding = 4; lastKnownFileType = sourcecode.c.h; path = FSCalendarCollectionViewLayout.h; sourceTree = "<group>"; };
		891D1E941E20E84A007FEE63 /* FSCalendarCollectionViewLayout.m */ = {isa = PBXFileReference; fileEncoding = 4; lastKnownFileType = sourcecode.c.objc; path = FSCalendarCollectionViewLayout.m; sourceTree = "<group>"; };
		891D1E951E20E84A007FEE63 /* FSCalendarConstants.h */ = {isa = PBXFileReference; fileEncoding = 4; lastKnownFileType = sourcecode.c.h; path = FSCalendarConstants.h; sourceTree = "<group>"; };
		891D1E961E20E84A007FEE63 /* FSCalendarConstants.m */ = {isa = PBXFileReference; fileEncoding = 4; lastKnownFileType = sourcecode.c.objc; path = FSCalendarConstants.m; sourceTree = "<group>"; };
		891D1E971E20E84A007FEE63 /* FSCalendarDelegationFactory.h */ = {isa = PBXFileReference; fileEncoding = 4; lastKnownFileType = sourcecode.c.h; path = FSCalendarDelegationFactory.h; sourceTree = "<group>"; };
		891D1E981E20E84A007FEE63 /* FSCalendarDelegationFactory.m */ = {isa = PBXFileReference; fileEncoding = 4; lastKnownFileType = sourcecode.c.objc; path = FSCalendarDelegationFactory.m; sourceTree = "<group>"; };
		891D1E991E20E84A007FEE63 /* FSCalendarDelegationProxy.h */ = {isa = PBXFileReference; fileEncoding = 4; lastKnownFileType = sourcecode.c.h; path = FSCalendarDelegationProxy.h; sourceTree = "<group>"; };
		891D1E9A1E20E84A007FEE63 /* FSCalendarDelegationProxy.m */ = {isa = PBXFileReference; fileEncoding = 4; lastKnownFileType = sourcecode.c.objc; path = FSCalendarDelegationProxy.m; sourceTree = "<group>"; };
		891D1E9B1E20E84A007FEE63 /* FSCalendarDynamicHeader.h */ = {isa = PBXFileReference; fileEncoding = 4; lastKnownFileType = sourcecode.c.h; path = FSCalendarDynamicHeader.h; sourceTree = "<group>"; };
		891D1E9C1E20E84A007FEE63 /* FSCalendarExtensions.h */ = {isa = PBXFileReference; fileEncoding = 4; lastKnownFileType = sourcecode.c.h; path = FSCalendarExtensions.h; sourceTree = "<group>"; };
		891D1E9D1E20E84A007FEE63 /* FSCalendarExtensions.m */ = {isa = PBXFileReference; fileEncoding = 4; lastKnownFileType = sourcecode.c.objc; path = FSCalendarExtensions.m; sourceTree = "<group>"; };
		891D1E9E1E20E84A007FEE63 /* FSCalendarHeaderView.h */ = {isa = PBXFileReference; fileEncoding = 4; lastKnownFileType = sourcecode.c.h; path = FSCalendarHeaderView.h; sourceTree = "<group>"; };
		891D1E9F1E20E84A007FEE63 /* FSCalendarHeaderView.m */ = {isa = PBXFileReference; fileEncoding = 4; lastKnownFileType = sourcecode.c.objc; path = FSCalendarHeaderView.m; sourceTree = "<group>"; };
		891D1EA01E20E84A007FEE63 /* FSCalendarScopeHandle.h */ = {isa = PBXFileReference; fileEncoding = 4; lastKnownFileType = sourcecode.c.h; path = FSCalendarScopeHandle.h; sourceTree = "<group>"; };
		891D1EA11E20E84A007FEE63 /* FSCalendarScopeHandle.m */ = {isa = PBXFileReference; fileEncoding = 4; lastKnownFileType = sourcecode.c.objc; path = FSCalendarScopeHandle.m; sourceTree = "<group>"; };
		891D1EA21E20E84A007FEE63 /* FSCalendarStickyHeader.h */ = {isa = PBXFileReference; fileEncoding = 4; lastKnownFileType = sourcecode.c.h; path = FSCalendarStickyHeader.h; sourceTree = "<group>"; };
		891D1EA31E20E84A007FEE63 /* FSCalendarStickyHeader.m */ = {isa = PBXFileReference; fileEncoding = 4; lastKnownFileType = sourcecode.c.objc; path = FSCalendarStickyHeader.m; sourceTree = "<group>"; };
		891D1EA41E20E84A007FEE63 /* FSCalendarWeekdayView.h */ = {isa = PBXFileReference; fileEncoding = 4; lastKnownFileType = sourcecode.c.h; path = FSCalendarWeekdayView.h; sourceTree = "<group>"; };
		891D1EA51E20E84A007FEE63 /* FSCalendarWeekdayView.m */ = {isa = PBXFileReference; fileEncoding = 4; lastKnownFileType = sourcecode.c.objc; path = FSCalendarWeekdayView.m; sourceTree = "<group>"; };
		891D1EA61E20E84A007FEE63 /* Info.plist */ = {isa = PBXFileReference; fileEncoding = 4; lastKnownFileType = text.plist.xml; path = Info.plist; sourceTree = "<group>"; };
		EE0954A71B97DDE0007F6964 /* SwiftExample.app */ = {isa = PBXFileReference; explicitFileType = wrapper.application; includeInIndex = 0; path = SwiftExample.app; sourceTree = BUILT_PRODUCTS_DIR; };
		EE0954AB1B97DDE0007F6964 /* Info.plist */ = {isa = PBXFileReference; lastKnownFileType = text.plist.xml; path = Info.plist; sourceTree = "<group>"; };
		EE0954AC1B97DDE0007F6964 /* AppDelegate.swift */ = {isa = PBXFileReference; lastKnownFileType = sourcecode.swift; path = AppDelegate.swift; sourceTree = "<group>"; };
		EE0954AE1B97DDE0007F6964 /* InterfaceBuilderViewController.swift */ = {isa = PBXFileReference; lastKnownFileType = sourcecode.swift; path = InterfaceBuilderViewController.swift; sourceTree = "<group>"; };
		EE0954B11B97DDE0007F6964 /* Base */ = {isa = PBXFileReference; lastKnownFileType = file.storyboard; name = Base; path = Base.lproj/Main.storyboard; sourceTree = "<group>"; };
		EE0954B31B97DDE0007F6964 /* Images.xcassets */ = {isa = PBXFileReference; lastKnownFileType = folder.assetcatalog; path = Images.xcassets; sourceTree = "<group>"; };
		EE0954B61B97DDE0007F6964 /* Base */ = {isa = PBXFileReference; lastKnownFileType = file.xib; name = Base; path = Base.lproj/LaunchScreen.xib; sourceTree = "<group>"; };
		EE0954BC1B97DDE0007F6964 /* SwiftExampleTests.xctest */ = {isa = PBXFileReference; explicitFileType = wrapper.cfbundle; includeInIndex = 0; path = SwiftExampleTests.xctest; sourceTree = BUILT_PRODUCTS_DIR; };
		EE0954C11B97DDE0007F6964 /* Info.plist */ = {isa = PBXFileReference; lastKnownFileType = text.plist.xml; path = Info.plist; sourceTree = "<group>"; };
		EE0954C21B97DDE0007F6964 /* SwiftExampleTests.swift */ = {isa = PBXFileReference; lastKnownFileType = sourcecode.swift; path = SwiftExampleTests.swift; sourceTree = "<group>"; };
		EE0954EE1B97DE08007F6964 /* Objc-Bridge-Header.h */ = {isa = PBXFileReference; lastKnownFileType = sourcecode.c.h; path = "Objc-Bridge-Header.h"; sourceTree = "<group>"; };
/* End PBXFileReference section */

/* Begin PBXFrameworksBuildPhase section */
		EE0954A41B97DDE0007F6964 /* Frameworks */ = {
			isa = PBXFrameworksBuildPhase;
			buildActionMask = 2147483647;
			files = (
			);
			runOnlyForDeploymentPostprocessing = 0;
		};
		EE0954B91B97DDE0007F6964 /* Frameworks */ = {
			isa = PBXFrameworksBuildPhase;
			buildActionMask = 2147483647;
			files = (
			);
			runOnlyForDeploymentPostprocessing = 0;
		};
/* End PBXFrameworksBuildPhase section */

/* Begin PBXGroup section */
		891D1E851E20E84A007FEE63 /* FSCalendar */ = {
			isa = PBXGroup;
			children = (
				891D1E861E20E84A007FEE63 /* FSCalendar+Deprecated.m */,
				891D1E871E20E84A007FEE63 /* FSCalendar.h */,
				891D1E881E20E84A007FEE63 /* FSCalendar.m */,
				891D1E891E20E84A007FEE63 /* FSCalendarAnimator.h */,
				891D1E8A1E20E84A007FEE63 /* FSCalendarAnimator.m */,
				891D1E8B1E20E84A007FEE63 /* FSCalendarAppearance.h */,
				891D1E8C1E20E84A007FEE63 /* FSCalendarAppearance.m */,
				891D1E8D1E20E84A007FEE63 /* FSCalendarCalculator.h */,
				891D1E8E1E20E84A007FEE63 /* FSCalendarCalculator.m */,
				891D1E8F1E20E84A007FEE63 /* FSCalendarCell.h */,
				891D1E901E20E84A007FEE63 /* FSCalendarCell.m */,
				891D1E911E20E84A007FEE63 /* FSCalendarCollectionView.h */,
				891D1E921E20E84A007FEE63 /* FSCalendarCollectionView.m */,
				891D1E931E20E84A007FEE63 /* FSCalendarCollectionViewLayout.h */,
				891D1E941E20E84A007FEE63 /* FSCalendarCollectionViewLayout.m */,
				891D1E951E20E84A007FEE63 /* FSCalendarConstants.h */,
				891D1E961E20E84A007FEE63 /* FSCalendarConstants.m */,
				891D1E971E20E84A007FEE63 /* FSCalendarDelegationFactory.h */,
				891D1E981E20E84A007FEE63 /* FSCalendarDelegationFactory.m */,
				891D1E991E20E84A007FEE63 /* FSCalendarDelegationProxy.h */,
				891D1E9A1E20E84A007FEE63 /* FSCalendarDelegationProxy.m */,
				891D1E9B1E20E84A007FEE63 /* FSCalendarDynamicHeader.h */,
				891D1E9C1E20E84A007FEE63 /* FSCalendarExtensions.h */,
				891D1E9D1E20E84A007FEE63 /* FSCalendarExtensions.m */,
				891D1E9E1E20E84A007FEE63 /* FSCalendarHeaderView.h */,
				891D1E9F1E20E84A007FEE63 /* FSCalendarHeaderView.m */,
				891D1EA01E20E84A007FEE63 /* FSCalendarScopeHandle.h */,
				891D1EA11E20E84A007FEE63 /* FSCalendarScopeHandle.m */,
				891D1EA21E20E84A007FEE63 /* FSCalendarStickyHeader.h */,
				891D1EA31E20E84A007FEE63 /* FSCalendarStickyHeader.m */,
				891D1EA41E20E84A007FEE63 /* FSCalendarWeekdayView.h */,
				891D1EA51E20E84A007FEE63 /* FSCalendarWeekdayView.m */,
				891D1EA61E20E84A007FEE63 /* Info.plist */,
			);
			path = FSCalendar;
			sourceTree = "<group>";
		};
		EE09549E1B97DDE0007F6964 = {
			isa = PBXGroup;
			children = (
				EE0954A91B97DDE0007F6964 /* SwiftExample */,
				EE0954BF1B97DDE0007F6964 /* SwiftExampleTests */,
				EE0954A81B97DDE0007F6964 /* Products */,
			);
			sourceTree = "<group>";
		};
		EE0954A81B97DDE0007F6964 /* Products */ = {
			isa = PBXGroup;
			children = (
				EE0954A71B97DDE0007F6964 /* SwiftExample.app */,
				EE0954BC1B97DDE0007F6964 /* SwiftExampleTests.xctest */,
			);
			name = Products;
			sourceTree = "<group>";
		};
		EE0954A91B97DDE0007F6964 /* SwiftExample */ = {
			isa = PBXGroup;
			children = (
				891D1E851E20E84A007FEE63 /* FSCalendar */,
				EE0954AC1B97DDE0007F6964 /* AppDelegate.swift */,
				303478381DB520C8007BBD2E /* TableViewController.swift */,
				30031AA71DCEA82200FC34FE /* DIYExampleViewController.swift */,
				30031AA91DCEA83200FC34FE /* DIYCalendarCell.swift */,
				EE0954AE1B97DDE0007F6964 /* InterfaceBuilderViewController.swift */,
				3024AF161E164F8C008B6001 /* DelegateAppearanceViewController.swift */,
				305282C81E1608A100CC2877 /* FSCalendarScopeViewController.swift */,
				30D458E81DB4E2DB00B163C7 /* LoadViewExampleViewController.swift */,
				891D1E811E20BBC6007FEE63 /* FullCalendarController.swift */,
				EE0954B01B97DDE0007F6964 /* Main.storyboard */,
				EE0954B31B97DDE0007F6964 /* Images.xcassets */,
				EE0954B51B97DDE0007F6964 /* LaunchScreen.xib */,
				EE0954AA1B97DDE0007F6964 /* Supporting Files */,
			);
			path = SwiftExample;
			sourceTree = "<group>";
		};
		EE0954AA1B97DDE0007F6964 /* Supporting Files */ = {
			isa = PBXGroup;
			children = (
				EE0954AB1B97DDE0007F6964 /* Info.plist */,
				EE0954EE1B97DE08007F6964 /* Objc-Bridge-Header.h */,
			);
			name = "Supporting Files";
			sourceTree = "<group>";
		};
		EE0954BF1B97DDE0007F6964 /* SwiftExampleTests */ = {
			isa = PBXGroup;
			children = (
				EE0954C21B97DDE0007F6964 /* SwiftExampleTests.swift */,
				EE0954C01B97DDE0007F6964 /* Supporting Files */,
			);
			path = SwiftExampleTests;
			sourceTree = "<group>";
		};
		EE0954C01B97DDE0007F6964 /* Supporting Files */ = {
			isa = PBXGroup;
			children = (
				EE0954C11B97DDE0007F6964 /* Info.plist */,
			);
			name = "Supporting Files";
			sourceTree = "<group>";
		};
/* End PBXGroup section */

/* Begin PBXNativeTarget section */
		EE0954A61B97DDE0007F6964 /* SwiftExample */ = {
			isa = PBXNativeTarget;
			buildConfigurationList = EE0954C61B97DDE0007F6964 /* Build configuration list for PBXNativeTarget "SwiftExample" */;
			buildPhases = (
				EE0954A31B97DDE0007F6964 /* Sources */,
				EE0954A41B97DDE0007F6964 /* Frameworks */,
				EE0954A51B97DDE0007F6964 /* Resources */,
			);
			buildRules = (
			);
			dependencies = (
			);
			name = SwiftExample;
			productName = SwiftExample;
			productReference = EE0954A71B97DDE0007F6964 /* SwiftExample.app */;
			productType = "com.apple.product-type.application";
		};
		EE0954BB1B97DDE0007F6964 /* SwiftExampleTests */ = {
			isa = PBXNativeTarget;
			buildConfigurationList = EE0954C91B97DDE0007F6964 /* Build configuration list for PBXNativeTarget "SwiftExampleTests" */;
			buildPhases = (
				EE0954B81B97DDE0007F6964 /* Sources */,
				EE0954B91B97DDE0007F6964 /* Frameworks */,
				EE0954BA1B97DDE0007F6964 /* Resources */,
			);
			buildRules = (
			);
			dependencies = (
				EE0954BE1B97DDE0007F6964 /* PBXTargetDependency */,
			);
			name = SwiftExampleTests;
			productName = SwiftExampleTests;
			productReference = EE0954BC1B97DDE0007F6964 /* SwiftExampleTests.xctest */;
			productType = "com.apple.product-type.bundle.unit-test";
		};
/* End PBXNativeTarget section */

/* Begin PBXProject section */
		EE09549F1B97DDE0007F6964 /* Project object */ = {
			isa = PBXProject;
			attributes = {
				LastSwiftUpdateCheck = 0700;
				LastUpgradeCheck = 0800;
				ORGANIZATIONNAME = wenchao;
				TargetAttributes = {
					EE0954A61B97DDE0007F6964 = {
						CreatedOnToolsVersion = 6.4;
						LastSwiftMigration = 0800;
					};
					EE0954BB1B97DDE0007F6964 = {
						CreatedOnToolsVersion = 6.4;
						LastSwiftMigration = 0800;
						TestTargetID = EE0954A61B97DDE0007F6964;
					};
				};
			};
			buildConfigurationList = EE0954A21B97DDE0007F6964 /* Build configuration list for PBXProject "SwiftExample" */;
			compatibilityVersion = "Xcode 3.2";
			developmentRegion = English;
			hasScannedForEncodings = 0;
			knownRegions = (
				en,
				Base,
			);
			mainGroup = EE09549E1B97DDE0007F6964;
			productRefGroup = EE0954A81B97DDE0007F6964 /* Products */;
			projectDirPath = "";
			projectRoot = "";
			targets = (
				EE0954A61B97DDE0007F6964 /* SwiftExample */,
				EE0954BB1B97DDE0007F6964 /* SwiftExampleTests */,
			);
		};
/* End PBXProject section */

/* Begin PBXResourcesBuildPhase section */
		EE0954A51B97DDE0007F6964 /* Resources */ = {
			isa = PBXResourcesBuildPhase;
			buildActionMask = 2147483647;
			files = (
				891D1EB71E20E84A007FEE63 /* Info.plist in Resources */,
				EE0954B21B97DDE0007F6964 /* Main.storyboard in Resources */,
				EE0954B71B97DDE0007F6964 /* LaunchScreen.xib in Resources */,
				EE0954B41B97DDE0007F6964 /* Images.xcassets in Resources */,
			);
			runOnlyForDeploymentPostprocessing = 0;
		};
		EE0954BA1B97DDE0007F6964 /* Resources */ = {
			isa = PBXResourcesBuildPhase;
			buildActionMask = 2147483647;
			files = (
			);
			runOnlyForDeploymentPostprocessing = 0;
		};
/* End PBXResourcesBuildPhase section */

/* Begin PBXSourcesBuildPhase section */
		EE0954A31B97DDE0007F6964 /* Sources */ = {
			isa = PBXSourcesBuildPhase;
			buildActionMask = 2147483647;
			files = (
				891D1E821E20BBC6007FEE63 /* FullCalendarController.swift in Sources */,
				891D1EA71E20E84A007FEE63 /* FSCalendar+Deprecated.m in Sources */,
				891D1EA81E20E84A007FEE63 /* FSCalendar.m in Sources */,
				891D1EB21E20E84A007FEE63 /* FSCalendarExtensions.m in Sources */,
				30031AA81DCEA82200FC34FE /* DIYExampleViewController.swift in Sources */,
				303478391DB520C8007BBD2E /* TableViewController.swift in Sources */,
				891D1EB01E20E84A007FEE63 /* FSCalendarDelegationFactory.m in Sources */,
				891D1EAE1E20E84A007FEE63 /* FSCalendarCollectionViewLayout.m in Sources */,
				891D1EAA1E20E84A007FEE63 /* FSCalendarAppearance.m in Sources */,
				891D1EAB1E20E84A007FEE63 /* FSCalendarCalculator.m in Sources */,
				3024AF171E164F8C008B6001 /* DelegateAppearanceViewController.swift in Sources */,
				305282C91E1608A100CC2877 /* FSCalendarScopeViewController.swift in Sources */,
				891D1EB61E20E84A007FEE63 /* FSCalendarWeekdayView.m in Sources */,
				891D1EB11E20E84A007FEE63 /* FSCalendarDelegationProxy.m in Sources */,
				891D1EAF1E20E84A007FEE63 /* FSCalendarConstants.m in Sources */,
				891D1EAC1E20E84A007FEE63 /* FSCalendarCell.m in Sources */,
				30D458E91DB4E2DB00B163C7 /* LoadViewExampleViewController.swift in Sources */,
				30031AAA1DCEA83200FC34FE /* DIYCalendarCell.swift in Sources */,
				891D1EA91E20E84A007FEE63 /* FSCalendarAnimator.m in Sources */,
				891D1EB31E20E84A007FEE63 /* FSCalendarHeaderView.m in Sources */,
				EE0954AD1B97DDE0007F6964 /* AppDelegate.swift in Sources */,
				EE0954AF1B97DDE0007F6964 /* InterfaceBuilderViewController.swift in Sources */,
				891D1EB41E20E84A007FEE63 /* FSCalendarScopeHandle.m in Sources */,
				891D1EB51E20E84A007FEE63 /* FSCalendarStickyHeader.m in Sources */,
				891D1EAD1E20E84A007FEE63 /* FSCalendarCollectionView.m in Sources */,
			);
			runOnlyForDeploymentPostprocessing = 0;
		};
		EE0954B81B97DDE0007F6964 /* Sources */ = {
			isa = PBXSourcesBuildPhase;
			buildActionMask = 2147483647;
			files = (
				EE0954C31B97DDE0007F6964 /* SwiftExampleTests.swift in Sources */,
			);
			runOnlyForDeploymentPostprocessing = 0;
		};
/* End PBXSourcesBuildPhase section */

/* Begin PBXTargetDependency section */
		EE0954BE1B97DDE0007F6964 /* PBXTargetDependency */ = {
			isa = PBXTargetDependency;
			target = EE0954A61B97DDE0007F6964 /* SwiftExample */;
			targetProxy = EE0954BD1B97DDE0007F6964 /* PBXContainerItemProxy */;
		};
/* End PBXTargetDependency section */

/* Begin PBXVariantGroup section */
		EE0954B01B97DDE0007F6964 /* Main.storyboard */ = {
			isa = PBXVariantGroup;
			children = (
				EE0954B11B97DDE0007F6964 /* Base */,
			);
			name = Main.storyboard;
			sourceTree = "<group>";
		};
		EE0954B51B97DDE0007F6964 /* LaunchScreen.xib */ = {
			isa = PBXVariantGroup;
			children = (
				EE0954B61B97DDE0007F6964 /* Base */,
			);
			name = LaunchScreen.xib;
			sourceTree = "<group>";
		};
/* End PBXVariantGroup section */

/* Begin XCBuildConfiguration section */
		EE0954C41B97DDE0007F6964 /* Debug */ = {
			isa = XCBuildConfiguration;
			buildSettings = {
				ALWAYS_SEARCH_USER_PATHS = NO;
				CLANG_CXX_LANGUAGE_STANDARD = "gnu++0x";
				CLANG_CXX_LIBRARY = "libc++";
				CLANG_ENABLE_MODULES = YES;
				CLANG_ENABLE_OBJC_ARC = YES;
				CLANG_WARN_BOOL_CONVERSION = YES;
				CLANG_WARN_CONSTANT_CONVERSION = YES;
				CLANG_WARN_DIRECT_OBJC_ISA_USAGE = YES_ERROR;
				CLANG_WARN_EMPTY_BODY = YES;
				CLANG_WARN_ENUM_CONVERSION = YES;
				CLANG_WARN_INFINITE_RECURSION = YES;
				CLANG_WARN_INT_CONVERSION = YES;
				CLANG_WARN_OBJC_ROOT_CLASS = YES_ERROR;
				CLANG_WARN_SUSPICIOUS_MOVE = YES;
				CLANG_WARN_UNREACHABLE_CODE = YES;
				CLANG_WARN__DUPLICATE_METHOD_MATCH = YES;
				"CODE_SIGN_IDENTITY[sdk=iphoneos*]" = "iPhone Developer";
				COPY_PHASE_STRIP = NO;
				DEBUG_INFORMATION_FORMAT = "dwarf-with-dsym";
				ENABLE_STRICT_OBJC_MSGSEND = YES;
				ENABLE_TESTABILITY = YES;
				GCC_C_LANGUAGE_STANDARD = gnu99;
				GCC_DYNAMIC_NO_PIC = NO;
				GCC_NO_COMMON_BLOCKS = YES;
				GCC_OPTIMIZATION_LEVEL = 0;
				GCC_PREPROCESSOR_DEFINITIONS = (
					"DEBUG=1",
					"$(inherited)",
				);
				GCC_SYMBOLS_PRIVATE_EXTERN = NO;
				GCC_WARN_64_TO_32_BIT_CONVERSION = YES;
				GCC_WARN_ABOUT_RETURN_TYPE = YES_ERROR;
				GCC_WARN_UNDECLARED_SELECTOR = YES;
				GCC_WARN_UNINITIALIZED_AUTOS = YES_AGGRESSIVE;
				GCC_WARN_UNUSED_FUNCTION = YES;
				GCC_WARN_UNUSED_VARIABLE = YES;
				IPHONEOS_DEPLOYMENT_TARGET = 8.0;
				MTL_ENABLE_DEBUG_INFO = YES;
				ONLY_ACTIVE_ARCH = YES;
				SDKROOT = iphoneos;
				SWIFT_OPTIMIZATION_LEVEL = "-Onone";
			};
			name = Debug;
		};
		EE0954C51B97DDE0007F6964 /* Release */ = {
			isa = XCBuildConfiguration;
			buildSettings = {
				ALWAYS_SEARCH_USER_PATHS = NO;
				CLANG_CXX_LANGUAGE_STANDARD = "gnu++0x";
				CLANG_CXX_LIBRARY = "libc++";
				CLANG_ENABLE_MODULES = YES;
				CLANG_ENABLE_OBJC_ARC = YES;
				CLANG_WARN_BOOL_CONVERSION = YES;
				CLANG_WARN_CONSTANT_CONVERSION = YES;
				CLANG_WARN_DIRECT_OBJC_ISA_USAGE = YES_ERROR;
				CLANG_WARN_EMPTY_BODY = YES;
				CLANG_WARN_ENUM_CONVERSION = YES;
				CLANG_WARN_INFINITE_RECURSION = YES;
				CLANG_WARN_INT_CONVERSION = YES;
				CLANG_WARN_OBJC_ROOT_CLASS = YES_ERROR;
				CLANG_WARN_SUSPICIOUS_MOVE = YES;
				CLANG_WARN_UNREACHABLE_CODE = YES;
				CLANG_WARN__DUPLICATE_METHOD_MATCH = YES;
				"CODE_SIGN_IDENTITY[sdk=iphoneos*]" = "iPhone Developer";
				COPY_PHASE_STRIP = NO;
				DEBUG_INFORMATION_FORMAT = "dwarf-with-dsym";
				ENABLE_NS_ASSERTIONS = NO;
				ENABLE_STRICT_OBJC_MSGSEND = YES;
				GCC_C_LANGUAGE_STANDARD = gnu99;
				GCC_NO_COMMON_BLOCKS = YES;
				GCC_WARN_64_TO_32_BIT_CONVERSION = YES;
				GCC_WARN_ABOUT_RETURN_TYPE = YES_ERROR;
				GCC_WARN_UNDECLARED_SELECTOR = YES;
				GCC_WARN_UNINITIALIZED_AUTOS = YES_AGGRESSIVE;
				GCC_WARN_UNUSED_FUNCTION = YES;
				GCC_WARN_UNUSED_VARIABLE = YES;
				IPHONEOS_DEPLOYMENT_TARGET = 8.0;
				MTL_ENABLE_DEBUG_INFO = NO;
				SDKROOT = iphoneos;
				SWIFT_OPTIMIZATION_LEVEL = "-Owholemodule";
				VALIDATE_PRODUCT = YES;
			};
			name = Release;
		};
		EE0954C71B97DDE0007F6964 /* Debug */ = {
			isa = XCBuildConfiguration;
			buildSettings = {
				ASSETCATALOG_COMPILER_APPICON_NAME = AppIcon;
				ASSETCATALOG_COMPILER_LAUNCHIMAGE_NAME = LaunchImage;
				INFOPLIST_FILE = SwiftExample/Info.plist;
				IPHONEOS_DEPLOYMENT_TARGET = 8.0;
				LD_RUNPATH_SEARCH_PATHS = "$(inherited) @executable_path/Frameworks";
				PRODUCT_BUNDLE_IDENTIFIER = "com.wenchao.$(PRODUCT_NAME:rfc1034identifier)";
				PRODUCT_NAME = "$(TARGET_NAME)";
				SWIFT_OBJC_BRIDGING_HEADER = "$SRCROOT/SwiftExample/Objc-Bridge-Header.h";
				SWIFT_VERSION = 3.0;
			};
			name = Debug;
		};
		EE0954C81B97DDE0007F6964 /* Release */ = {
			isa = XCBuildConfiguration;
			buildSettings = {
				ASSETCATALOG_COMPILER_APPICON_NAME = AppIcon;
				ASSETCATALOG_COMPILER_LAUNCHIMAGE_NAME = LaunchImage;
				INFOPLIST_FILE = SwiftExample/Info.plist;
				IPHONEOS_DEPLOYMENT_TARGET = 8.0;
				LD_RUNPATH_SEARCH_PATHS = "$(inherited) @executable_path/Frameworks";
				PRODUCT_BUNDLE_IDENTIFIER = "com.wenchao.$(PRODUCT_NAME:rfc1034identifier)";
				PRODUCT_NAME = "$(TARGET_NAME)";
				SWIFT_OBJC_BRIDGING_HEADER = "$SRCROOT/SwiftExample/Objc-Bridge-Header.h";
				SWIFT_VERSION = 3.0;
			};
			name = Release;
		};
		EE0954CA1B97DDE0007F6964 /* Debug */ = {
			isa = XCBuildConfiguration;
			buildSettings = {
				BUNDLE_LOADER = "$(TEST_HOST)";
				FRAMEWORK_SEARCH_PATHS = "$(inherited)";
				GCC_PREPROCESSOR_DEFINITIONS = (
					"DEBUG=1",
					"$(inherited)",
				);
				INFOPLIST_FILE = SwiftExampleTests/Info.plist;
				LD_RUNPATH_SEARCH_PATHS = "$(inherited) @executable_path/Frameworks @loader_path/Frameworks";
				PRODUCT_BUNDLE_IDENTIFIER = "com.wenchao.$(PRODUCT_NAME:rfc1034identifier)";
				PRODUCT_NAME = "$(TARGET_NAME)";
				SWIFT_VERSION = 3.0;
				TEST_HOST = "$(BUILT_PRODUCTS_DIR)/SwiftExample.app/SwiftExample";
			};
			name = Debug;
		};
		EE0954CB1B97DDE0007F6964 /* Release */ = {
			isa = XCBuildConfiguration;
			buildSettings = {
				BUNDLE_LOADER = "$(TEST_HOST)";
				FRAMEWORK_SEARCH_PATHS = "$(inherited)";
				INFOPLIST_FILE = SwiftExampleTests/Info.plist;
				LD_RUNPATH_SEARCH_PATHS = "$(inherited) @executable_path/Frameworks @loader_path/Frameworks";
				PRODUCT_BUNDLE_IDENTIFIER = "com.wenchao.$(PRODUCT_NAME:rfc1034identifier)";
				PRODUCT_NAME = "$(TARGET_NAME)";
				SWIFT_VERSION = 3.0;
				TEST_HOST = "$(BUILT_PRODUCTS_DIR)/SwiftExample.app/SwiftExample";
			};
			name = Release;
		};
/* End XCBuildConfiguration section */

/* Begin XCConfigurationList section */
		EE0954A21B97DDE0007F6964 /* Build configuration list for PBXProject "SwiftExample" */ = {
			isa = XCConfigurationList;
			buildConfigurations = (
				EE0954C41B97DDE0007F6964 /* Debug */,
				EE0954C51B97DDE0007F6964 /* Release */,
			);
			defaultConfigurationIsVisible = 0;
			defaultConfigurationName = Release;
		};
		EE0954C61B97DDE0007F6964 /* Build configuration list for PBXNativeTarget "SwiftExample" */ = {
			isa = XCConfigurationList;
			buildConfigurations = (
				EE0954C71B97DDE0007F6964 /* Debug */,
				EE0954C81B97DDE0007F6964 /* Release */,
			);
			defaultConfigurationIsVisible = 0;
			defaultConfigurationName = Release;
		};
		EE0954C91B97DDE0007F6964 /* Build configuration list for PBXNativeTarget "SwiftExampleTests" */ = {
			isa = XCConfigurationList;
			buildConfigurations = (
				EE0954CA1B97DDE0007F6964 /* Debug */,
				EE0954CB1B97DDE0007F6964 /* Release */,
			);
			defaultConfigurationIsVisible = 0;
			defaultConfigurationName = Release;
		};
/* End XCConfigurationList section */
	};
	rootObject = EE09549F1B97DDE0007F6964 /* Project object */;
}
