// !$*UTF8*$!
{
	archiveVersion = 1;
	classes = {
	};
	objectVersion = 46;
	objects = {

/* Begin PBXBuildFile section */
		8937FE671E864D7700B6D0CD /* main.m in Sources */ = {isa = PBXBuildFile; fileRef = 8937FE661E864D7700B6D0CD /* main.m */; };
		8937FE6A1E864D7700B6D0CD /* AppDelegate.m in Sources */ = {isa = PBXBuildFile; fileRef = 8937FE691E864D7700B6D0CD /* AppDelegate.m */; };
		8937FE6D1E864D7700B6D0CD /* ViewController.m in Sources */ = {isa = PBXBuildFile; fileRef = 8937FE6C1E864D7700B6D0CD /* ViewController.m */; };
		8937FE701E864D7700B6D0CD /* Main.storyboard in Resources */ = {isa = PBXBuildFile; fileRef = 8937FE6E1E864D7700B6D0CD /* Main.storyboard */; };
		8937FE721E864D7700B6D0CD /* Assets.xcassets in Resources */ = {isa = PBXBuildFile; fileRef = 8937FE711E864D7700B6D0CD /* Assets.xcassets */; };
		8937FE751E864D7700B6D0CD /* LaunchScreen.storyboard in Resources */ = {isa = PBXBuildFile; fileRef = 8937FE731E864D7700B6D0CD /* LaunchScreen.storyboard */; };
		8937FE801E864D7700B6D0CD /* iHonourTests.m in Sources */ = {isa = PBXBuildFile; fileRef = 8937FE7F1E864D7700B6D0CD /* iHonourTests.m */; };
		8937FE8B1E864D7700B6D0CD /* iHonourUITests.m in Sources */ = {isa = PBXBuildFile; fileRef = 8937FE8A1E864D7700B6D0CD /* iHonourUITests.m */; };
		8937FECD1E864F5900B6D0CD /* MJRefreshAutoFooter.m in Sources */ = {isa = PBXBuildFile; fileRef = 8937FEA11E864F5900B6D0CD /* MJRefreshAutoFooter.m */; };
		8937FECE1E864F5900B6D0CD /* MJRefreshBackFooter.m in Sources */ = {isa = PBXBuildFile; fileRef = 8937FEA31E864F5900B6D0CD /* MJRefreshBackFooter.m */; };
		8937FECF1E864F5900B6D0CD /* MJRefreshComponent.m in Sources */ = {isa = PBXBuildFile; fileRef = 8937FEA51E864F5900B6D0CD /* MJRefreshComponent.m */; };
		8937FED01E864F5900B6D0CD /* MJRefreshFooter.m in Sources */ = {isa = PBXBuildFile; fileRef = 8937FEA71E864F5900B6D0CD /* MJRefreshFooter.m */; };
		8937FED11E864F5900B6D0CD /* MJRefreshHeader.m in Sources */ = {isa = PBXBuildFile; fileRef = 8937FEA91E864F5900B6D0CD /* MJRefreshHeader.m */; };
		8937FED21E864F5900B6D0CD /* MJRefreshAutoGifFooter.m in Sources */ = {isa = PBXBuildFile; fileRef = 8937FEAE1E864F5900B6D0CD /* MJRefreshAutoGifFooter.m */; };
		8937FED31E864F5900B6D0CD /* MJRefreshAutoNormalFooter.m in Sources */ = {isa = PBXBuildFile; fileRef = 8937FEB01E864F5900B6D0CD /* MJRefreshAutoNormalFooter.m */; };
		8937FED41E864F5900B6D0CD /* MJRefreshAutoStateFooter.m in Sources */ = {isa = PBXBuildFile; fileRef = 8937FEB21E864F5900B6D0CD /* MJRefreshAutoStateFooter.m */; };
		8937FED51E864F5900B6D0CD /* MJRefreshBackGifFooter.m in Sources */ = {isa = PBXBuildFile; fileRef = 8937FEB51E864F5900B6D0CD /* MJRefreshBackGifFooter.m */; };
		8937FED61E864F5900B6D0CD /* MJRefreshBackNormalFooter.m in Sources */ = {isa = PBXBuildFile; fileRef = 8937FEB71E864F5900B6D0CD /* MJRefreshBackNormalFooter.m */; };
		8937FED71E864F5900B6D0CD /* MJRefreshBackStateFooter.m in Sources */ = {isa = PBXBuildFile; fileRef = 8937FEB91E864F5900B6D0CD /* MJRefreshBackStateFooter.m */; };
		8937FED81E864F5900B6D0CD /* MJRefreshGifHeader.m in Sources */ = {isa = PBXBuildFile; fileRef = 8937FEBC1E864F5900B6D0CD /* MJRefreshGifHeader.m */; };
		8937FED91E864F5900B6D0CD /* MJRefreshNormalHeader.m in Sources */ = {isa = PBXBuildFile; fileRef = 8937FEBE1E864F5900B6D0CD /* MJRefreshNormalHeader.m */; };
		8937FEDA1E864F5900B6D0CD /* MJRefreshStateHeader.m in Sources */ = {isa = PBXBuildFile; fileRef = 8937FEC01E864F5900B6D0CD /* MJRefreshStateHeader.m */; };
		8937FEDB1E864F5900B6D0CD /* MJRefresh.bundle in Resources */ = {isa = PBXBuildFile; fileRef = 8937FEC11E864F5900B6D0CD /* MJRefresh.bundle */; };
		8937FEDC1E864F5900B6D0CD /* MJRefreshConst.m in Sources */ = {isa = PBXBuildFile; fileRef = 8937FEC41E864F5900B6D0CD /* MJRefreshConst.m */; };
		8937FEDD1E864F5900B6D0CD /* NSBundle+MJRefresh.m in Sources */ = {isa = PBXBuildFile; fileRef = 8937FEC61E864F5900B6D0CD /* NSBundle+MJRefresh.m */; };
		8937FEDE1E864F5900B6D0CD /* UIScrollView+MJExtension.m in Sources */ = {isa = PBXBuildFile; fileRef = 8937FEC81E864F5900B6D0CD /* UIScrollView+MJExtension.m */; };
		8937FEDF1E864F5900B6D0CD /* UIScrollView+MJRefresh.m in Sources */ = {isa = PBXBuildFile; fileRef = 8937FECA1E864F5900B6D0CD /* UIScrollView+MJRefresh.m */; };
		8937FEE01E864F5900B6D0CD /* UIView+MJExtension.m in Sources */ = {isa = PBXBuildFile; fileRef = 8937FECC1E864F5900B6D0CD /* UIView+MJExtension.m */; };
		8937FEE71E864FC000B6D0CD /* TFWebView.m in Sources */ = {isa = PBXBuildFile; fileRef = 8937FEE61E864FC000B6D0CD /* TFWebView.m */; };
		8937FEEE1E8650BF00B6D0CD /* HTMLNode.m in Sources */ = {isa = PBXBuildFile; fileRef = 8937FEEA1E8650BF00B6D0CD /* HTMLNode.m */; };
		8937FEEF1E8650BF00B6D0CD /* HTMLParser.m in Sources */ = {isa = PBXBuildFile; fileRef = 8937FEEC1E8650BF00B6D0CD /* HTMLParser.m */; };
		8937FEF01E8650BF00B6D0CD /* README.md in Sources */ = {isa = PBXBuildFile; fileRef = 8937FEED1E8650BF00B6D0CD /* README.md */; };
		8937FEF81E86511300B6D0CD /* TFHpple.m in Sources */ = {isa = PBXBuildFile; fileRef = 8937FEF31E86511300B6D0CD /* TFHpple.m */; };
		8937FEF91E86511300B6D0CD /* TFHppleElement.m in Sources */ = {isa = PBXBuildFile; fileRef = 8937FEF51E86511300B6D0CD /* TFHppleElement.m */; };
		8937FEFA1E86511300B6D0CD /* XPathQuery.m in Sources */ = {isa = PBXBuildFile; fileRef = 8937FEF71E86511300B6D0CD /* XPathQuery.m */; };
		8937FEFC1E86515C00B6D0CD /* libxml2.2.tbd in Frameworks */ = {isa = PBXBuildFile; fileRef = 8937FEFB1E86515C00B6D0CD /* libxml2.2.tbd */; };
		894144A01E8B654700C8DD59 /* Realm.framework in Frameworks */ = {isa = PBXBuildFile; fileRef = 8941449F1E8B654700C8DD59 /* Realm.framework */; };
		894144A11E8B657300C8DD59 /* Realm.framework in Frameworks */ = {isa = PBXBuildFile; fileRef = 8941449F1E8B654700C8DD59 /* Realm.framework */; };
		894144A21E8B657300C8DD59 /* Realm.framework in Embed Frameworks */ = {isa = PBXBuildFile; fileRef = 8941449F1E8B654700C8DD59 /* Realm.framework */; settings = {ATTRIBUTES = (CodeSignOnCopy, RemoveHeadersOnCopy, ); }; };
		894144A61E8B812000C8DD59 /* RMListModel.m in Sources */ = {isa = PBXBuildFile; fileRef = 894144A51E8B812000C8DD59 /* RMListModel.m */; };
		894145EA1E8E550400C8DD59 /* UIScrollView+EmptyDataSet.m in Sources */ = {isa = PBXBuildFile; fileRef = 894145E31E8E550400C8DD59 /* UIScrollView+EmptyDataSet.m */; };
		894145EB1E8E550400C8DD59 /* DGActivityIndicatorRotatingTrigonAnimation.m in Sources */ = {isa = PBXBuildFile; fileRef = 894145E71E8E550400C8DD59 /* DGActivityIndicatorRotatingTrigonAnimation.m */; };
		894145EC1E8E550400C8DD59 /* DGActivityIndicatorView.m in Sources */ = {isa = PBXBuildFile; fileRef = 894145E91E8E550400C8DD59 /* DGActivityIndicatorView.m */; };
		894145EF1E8E551700C8DD59 /* UIColor+Hexadecimal.m in Sources */ = {isa = PBXBuildFile; fileRef = 894145EE1E8E551700C8DD59 /* UIColor+Hexadecimal.m */; };
		A6766D774B331362860E4058 /* libPods-iHonour.a in Frameworks */ = {isa = PBXBuildFile; fileRef = 9139FFD7184FD129985C629C /* libPods-iHonour.a */; };
		FE1877491E87A40400A37B64 /* HerosModel.m in Sources */ = {isa = PBXBuildFile; fileRef = FE1877481E87A40400A37B64 /* HerosModel.m */; };
		FE18774E1E87DD3400A37B64 /* HerosBackUp.js in Resources */ = {isa = PBXBuildFile; fileRef = FE18774D1E87DD3400A37B64 /* HerosBackUp.js */; };
		FE1877521E87DD8C00A37B64 /* HerosCell.m in Sources */ = {isa = PBXBuildFile; fileRef = FE1877501E87DD8C00A37B64 /* HerosCell.m */; };
		FE1877531E87DD8C00A37B64 /* HerosCell.xib in Resources */ = {isa = PBXBuildFile; fileRef = FE1877511E87DD8C00A37B64 /* HerosCell.xib */; };
		FE1877571E87EE4900A37B64 /* HerosSectionHeaderView.m in Sources */ = {isa = PBXBuildFile; fileRef = FE1877551E87EE4900A37B64 /* HerosSectionHeaderView.m */; };
		FE1877581E87EE4900A37B64 /* HerosSectionHeaderView.xib in Resources */ = {isa = PBXBuildFile; fileRef = FE1877561E87EE4900A37B64 /* HerosSectionHeaderView.xib */; };
		FE18775B1E87F3D200A37B64 /* AdmobView.m in Sources */ = {isa = PBXBuildFile; fileRef = FE18775A1E87F3D200A37B64 /* AdmobView.m */; };
		FE18775F1E87F68D00A37B64 /* GoogleMobileAds.framework in Frameworks */ = {isa = PBXBuildFile; fileRef = FE18775D1E87F68D00A37B64 /* GoogleMobileAds.framework */; };
		FE1877601E87F68D00A37B64 /* README.txt in Resources */ = {isa = PBXBuildFile; fileRef = FE18775E1E87F68D00A37B64 /* README.txt */; };
		FE4D1B9F1E86B4000032ED29 /* Base_TableViewController.m in Sources */ = {isa = PBXBuildFile; fileRef = FE4D1B941E86B4000032ED29 /* Base_TableViewController.m */; };
		FE4D1BA01E86B4000032ED29 /* BaseNavigationController.m in Sources */ = {isa = PBXBuildFile; fileRef = FE4D1B961E86B4000032ED29 /* BaseNavigationController.m */; };
		FE4D1BA11E86B4000032ED29 /* BaseTabBarController.m in Sources */ = {isa = PBXBuildFile; fileRef = FE4D1B981E86B4000032ED29 /* BaseTabBarController.m */; };
		FE4D1BA21E86B4000032ED29 /* BaseTableViewController.m in Sources */ = {isa = PBXBuildFile; fileRef = FE4D1B9A1E86B4000032ED29 /* BaseTableViewController.m */; };
		FE4D1BA31E86B4000032ED29 /* BaseViewController.m in Sources */ = {isa = PBXBuildFile; fileRef = FE4D1B9C1E86B4000032ED29 /* BaseViewController.m */; };
		FE4D1BAC1E86B43B0032ED29 /* RDVTabBar.m in Sources */ = {isa = PBXBuildFile; fileRef = FE4D1BA71E86B43B0032ED29 /* RDVTabBar.m */; };
		FE4D1BAD1E86B43B0032ED29 /* RDVTabBarController.m in Sources */ = {isa = PBXBuildFile; fileRef = FE4D1BA91E86B43B0032ED29 /* RDVTabBarController.m */; };
		FE4D1BAE1E86B43B0032ED29 /* RDVTabBarItem.m in Sources */ = {isa = PBXBuildFile; fileRef = FE4D1BAB1E86B43B0032ED29 /* RDVTabBarItem.m */; };
		FE4D1BB11E86B8A60032ED29 /* News_RootController.m in Sources */ = {isa = PBXBuildFile; fileRef = FE4D1BB01E86B8A60032ED29 /* News_RootController.m */; };
		FE4D1BB41E86B8B40032ED29 /* Cheats_RootController.m in Sources */ = {isa = PBXBuildFile; fileRef = FE4D1BB31E86B8B40032ED29 /* Cheats_RootController.m */; };
		FE4D1BB71E86B8C40032ED29 /* Heros_RootController.m in Sources */ = {isa = PBXBuildFile; fileRef = FE4D1BB61E86B8C40032ED29 /* Heros_RootController.m */; };
		FE4D1BC31E86B92F0032ED29 /* UIImage+Category.m in Sources */ = {isa = PBXBuildFile; fileRef = FE4D1BC01E86B92F0032ED29 /* UIImage+Category.m */; };
		FE4D1BC41E86B92F0032ED29 /* UIImage+Tint.m in Sources */ = {isa = PBXBuildFile; fileRef = FE4D1BC21E86B92F0032ED29 /* UIImage+Tint.m */; };
		FE4D1BC81E875E470032ED29 /* XMLDictionary.m in Sources */ = {isa = PBXBuildFile; fileRef = FE4D1BC71E875E470032ED29 /* XMLDictionary.m */; };
		FE4D1BCB1E87630A0032ED29 /* NewsModel.m in Sources */ = {isa = PBXBuildFile; fileRef = FE4D1BCA1E87630A0032ED29 /* NewsModel.m */; };
		FE4D1BCF1E8765B80032ED29 /* NewsCell.m in Sources */ = {isa = PBXBuildFile; fileRef = FE4D1BCD1E8765B80032ED29 /* NewsCell.m */; };
		FE4D1BD01E8765B80032ED29 /* NewsCell.xib in Resources */ = {isa = PBXBuildFile; fileRef = FE4D1BCE1E8765B80032ED29 /* NewsCell.xib */; };
		FE4D1BD31E878F460032ED29 /* HtmlDetailViewController.m in Sources */ = {isa = PBXBuildFile; fileRef = FE4D1BD21E878F460032ED29 /* HtmlDetailViewController.m */; };
		FE4D1BDC1E87915B0032ED29 /* ObjcRuntime.m in Sources */ = {isa = PBXBuildFile; fileRef = FE4D1BD91E87915B0032ED29 /* ObjcRuntime.m */; };
		FE4D1BDD1E87915B0032ED29 /* UIViewController+Swizzle.m in Sources */ = {isa = PBXBuildFile; fileRef = FE4D1BDB1E87915B0032ED29 /* UIViewController+Swizzle.m */; };
		FEC5E7031E895C8700FA7B64 /* AdmobCell.m in Sources */ = {isa = PBXBuildFile; fileRef = FEC5E7021E895C8700FA7B64 /* AdmobCell.m */; };
		FEC5E7071E8AA89D00FA7B64 /* Me_RootController.m in Sources */ = {isa = PBXBuildFile; fileRef = FEC5E7061E8AA89D00FA7B64 /* Me_RootController.m */; };
		FEC5E70A1E8BF70C00FA7B64 /* RMLTools.m in Sources */ = {isa = PBXBuildFile; fileRef = FEC5E7091E8BF70C00FA7B64 /* RMLTools.m */; };
		FEC5E72A1E8C036F00FA7B64 /* AboutViewController.m in Sources */ = {isa = PBXBuildFile; fileRef = FEC5E70E1E8C036F00FA7B64 /* AboutViewController.m */; };
		FEC5E72D1E8C036F00FA7B64 /* CollectModel.m in Sources */ = {isa = PBXBuildFile; fileRef = FEC5E7151E8C036F00FA7B64 /* CollectModel.m */; };
		FEC5E72E1E8C036F00FA7B64 /* HistoryCellModel.m in Sources */ = {isa = PBXBuildFile; fileRef = FEC5E7171E8C036F00FA7B64 /* HistoryCellModel.m */; };
		FEC5E72F1E8C036F00FA7B64 /* SettingArrowItem.m in Sources */ = {isa = PBXBuildFile; fileRef = FEC5E7191E8C036F00FA7B64 /* SettingArrowItem.m */; };
		FEC5E7301E8C036F00FA7B64 /* SettingItem.m in Sources */ = {isa = PBXBuildFile; fileRef = FEC5E71B1E8C036F00FA7B64 /* SettingItem.m */; };
		FEC5E7311E8C036F00FA7B64 /* SettingSwitchItem.m in Sources */ = {isa = PBXBuildFile; fileRef = FEC5E71D1E8C036F00FA7B64 /* SettingSwitchItem.m */; };
		FEC5E7321E8C036F00FA7B64 /* MeHeaderView.m in Sources */ = {isa = PBXBuildFile; fileRef = FEC5E7201E8C036F00FA7B64 /* MeHeaderView.m */; };
		FEC5E7331E8C036F00FA7B64 /* SettingCell.m in Sources */ = {isa = PBXBuildFile; fileRef = FEC5E7221E8C036F00FA7B64 /* SettingCell.m */; };
		FEC5E7341E8C036F00FA7B64 /* SettingCell.xib in Resources */ = {isa = PBXBuildFile; fileRef = FEC5E7231E8C036F00FA7B64 /* SettingCell.xib */; };
		FEC5E7351E8C036F00FA7B64 /* SettingSwitchCell.m in Sources */ = {isa = PBXBuildFile; fileRef = FEC5E7251E8C036F00FA7B64 /* SettingSwitchCell.m */; };
		FEC5E7361E8C036F00FA7B64 /* SettingSwitchCell.xib in Resources */ = {isa = PBXBuildFile; fileRef = FEC5E7261E8C036F00FA7B64 /* SettingSwitchCell.xib */; };
		FEC5E7371E8C036F00FA7B64 /* SettingSwitchCell2.m in Sources */ = {isa = PBXBuildFile; fileRef = FEC5E7281E8C036F00FA7B64 /* SettingSwitchCell2.m */; };
		FEC5E7381E8C036F00FA7B64 /* SettingSwitchCell2.xib in Resources */ = {isa = PBXBuildFile; fileRef = FEC5E7291E8C036F00FA7B64 /* SettingSwitchCell2.xib */; };
		FEC5E73E1E8C038E00FA7B64 /* Global.m in Sources */ = {isa = PBXBuildFile; fileRef = FEC5E73B1E8C038E00FA7B64 /* Global.m */; };
		FEC5E73F1E8C038E00FA7B64 /* WdCleanCaches.m in Sources */ = {isa = PBXBuildFile; fileRef = FEC5E73D1E8C038E00FA7B64 /* WdCleanCaches.m */; };
		FEC5E74B1E8C046900FA7B64 /* SVIndefiniteAnimatedView.m in Sources */ = {isa = PBXBuildFile; fileRef = FEC5E7421E8C046900FA7B64 /* SVIndefiniteAnimatedView.m */; };
		FEC5E74C1E8C046900FA7B64 /* SVProgressAnimatedView.m in Sources */ = {isa = PBXBuildFile; fileRef = FEC5E7441E8C046900FA7B64 /* SVProgressAnimatedView.m */; };
		FEC5E74D1E8C046900FA7B64 /* SVProgressHUD.bundle in Resources */ = {isa = PBXBuildFile; fileRef = FEC5E7461E8C046900FA7B64 /* SVProgressHUD.bundle */; };
		FEC5E74E1E8C046900FA7B64 /* SVProgressHUD.m in Sources */ = {isa = PBXBuildFile; fileRef = FEC5E7481E8C046900FA7B64 /* SVProgressHUD.m */; };
		FEC5E74F1E8C046900FA7B64 /* SVRadialGradientLayer.m in Sources */ = {isa = PBXBuildFile; fileRef = FEC5E74A1E8C046900FA7B64 /* SVRadialGradientLayer.m */; };
		FEC5E7521E8C048500FA7B64 /* CollectionViewController.m in Sources */ = {isa = PBXBuildFile; fileRef = FEC5E7511E8C048500FA7B64 /* CollectionViewController.m */; };
/* End PBXBuildFile section */

/* Begin PBXContainerItemProxy section */
		8937FE7C1E864D7700B6D0CD /* PBXContainerItemProxy */ = {
			isa = PBXContainerItemProxy;
			containerPortal = 8937FE5A1E864D7700B6D0CD /* Project object */;
			proxyType = 1;
			remoteGlobalIDString = 8937FE611E864D7700B6D0CD;
			remoteInfo = iHonour;
		};
		8937FE871E864D7700B6D0CD /* PBXContainerItemProxy */ = {
			isa = PBXContainerItemProxy;
			containerPortal = 8937FE5A1E864D7700B6D0CD /* Project object */;
			proxyType = 1;
			remoteGlobalIDString = 8937FE611E864D7700B6D0CD;
			remoteInfo = iHonour;
		};
/* End PBXContainerItemProxy section */

/* Begin PBXCopyFilesBuildPhase section */
		894144A31E8B657300C8DD59 /* Embed Frameworks */ = {
			isa = PBXCopyFilesBuildPhase;
			buildActionMask = 2147483647;
			dstPath = "";
			dstSubfolderSpec = 10;
			files = (
				894144A21E8B657300C8DD59 /* Realm.framework in Embed Frameworks */,
			);
			name = "Embed Frameworks";
			runOnlyForDeploymentPostprocessing = 0;
		};
/* End PBXCopyFilesBuildPhase section */

/* Begin PBXFileReference section */
		3C1F6592B0D64DBAE5940729 /* Pods-iHonour.release.xcconfig */ = {isa = PBXFileReference; includeInIndex = 1; lastKnownFileType = text.xcconfig; name = "Pods-iHonour.release.xcconfig"; path = "Pods/Target Support Files/Pods-iHonour/Pods-iHonour.release.xcconfig"; sourceTree = "<group>"; };
		7EC67CA08335DA469BBE4CD1 /* Pods-iHonour.debug.xcconfig */ = {isa = PBXFileReference; includeInIndex = 1; lastKnownFileType = text.xcconfig; name = "Pods-iHonour.debug.xcconfig"; path = "Pods/Target Support Files/Pods-iHonour/Pods-iHonour.debug.xcconfig"; sourceTree = "<group>"; };
		8937FE621E864D7700B6D0CD /* iHonour.app */ = {isa = PBXFileReference; explicitFileType = wrapper.application; includeInIndex = 0; path = iHonour.app; sourceTree = BUILT_PRODUCTS_DIR; };
		8937FE661E864D7700B6D0CD /* main.m */ = {isa = PBXFileReference; lastKnownFileType = sourcecode.c.objc; path = main.m; sourceTree = "<group>"; };
		8937FE681E864D7700B6D0CD /* AppDelegate.h */ = {isa = PBXFileReference; lastKnownFileType = sourcecode.c.h; path = AppDelegate.h; sourceTree = "<group>"; };
		8937FE691E864D7700B6D0CD /* AppDelegate.m */ = {isa = PBXFileReference; lastKnownFileType = sourcecode.c.objc; path = AppDelegate.m; sourceTree = "<group>"; };
		8937FE6B1E864D7700B6D0CD /* ViewController.h */ = {isa = PBXFileReference; lastKnownFileType = sourcecode.c.h; path = ViewController.h; sourceTree = "<group>"; };
		8937FE6C1E864D7700B6D0CD /* ViewController.m */ = {isa = PBXFileReference; lastKnownFileType = sourcecode.c.objc; path = ViewController.m; sourceTree = "<group>"; };
		8937FE6F1E864D7700B6D0CD /* Base */ = {isa = PBXFileReference; lastKnownFileType = file.storyboard; name = Base; path = Base.lproj/Main.storyboard; sourceTree = "<group>"; };
		8937FE711E864D7700B6D0CD /* Assets.xcassets */ = {isa = PBXFileReference; lastKnownFileType = folder.assetcatalog; path = Assets.xcassets; sourceTree = "<group>"; };
		8937FE741E864D7700B6D0CD /* Base */ = {isa = PBXFileReference; lastKnownFileType = file.storyboard; name = Base; path = Base.lproj/LaunchScreen.storyboard; sourceTree = "<group>"; };
		8937FE761E864D7700B6D0CD /* Info.plist */ = {isa = PBXFileReference; lastKnownFileType = text.plist.xml; path = Info.plist; sourceTree = "<group>"; };
		8937FE7B1E864D7700B6D0CD /* iHonourTests.xctest */ = {isa = PBXFileReference; explicitFileType = wrapper.cfbundle; includeInIndex = 0; path = iHonourTests.xctest; sourceTree = BUILT_PRODUCTS_DIR; };
		8937FE7F1E864D7700B6D0CD /* iHonourTests.m */ = {isa = PBXFileReference; lastKnownFileType = sourcecode.c.objc; path = iHonourTests.m; sourceTree = "<group>"; };
		8937FE811E864D7700B6D0CD /* Info.plist */ = {isa = PBXFileReference; lastKnownFileType = text.plist.xml; path = Info.plist; sourceTree = "<group>"; };
		8937FE861E864D7700B6D0CD /* iHonourUITests.xctest */ = {isa = PBXFileReference; explicitFileType = wrapper.cfbundle; includeInIndex = 0; path = iHonourUITests.xctest; sourceTree = BUILT_PRODUCTS_DIR; };
		8937FE8A1E864D7700B6D0CD /* iHonourUITests.m */ = {isa = PBXFileReference; lastKnownFileType = sourcecode.c.objc; path = iHonourUITests.m; sourceTree = "<group>"; };
		8937FE8C1E864D7700B6D0CD /* Info.plist */ = {isa = PBXFileReference; lastKnownFileType = text.plist.xml; path = Info.plist; sourceTree = "<group>"; };
		8937FEA01E864F5900B6D0CD /* MJRefreshAutoFooter.h */ = {isa = PBXFileReference; fileEncoding = 4; lastKnownFileType = sourcecode.c.h; path = MJRefreshAutoFooter.h; sourceTree = "<group>"; };
		8937FEA11E864F5900B6D0CD /* MJRefreshAutoFooter.m */ = {isa = PBXFileReference; fileEncoding = 4; lastKnownFileType = sourcecode.c.objc; path = MJRefreshAutoFooter.m; sourceTree = "<group>"; };
		8937FEA21E864F5900B6D0CD /* MJRefreshBackFooter.h */ = {isa = PBXFileReference; fileEncoding = 4; lastKnownFileType = sourcecode.c.h; path = MJRefreshBackFooter.h; sourceTree = "<group>"; };
		8937FEA31E864F5900B6D0CD /* MJRefreshBackFooter.m */ = {isa = PBXFileReference; fileEncoding = 4; lastKnownFileType = sourcecode.c.objc; path = MJRefreshBackFooter.m; sourceTree = "<group>"; };
		8937FEA41E864F5900B6D0CD /* MJRefreshComponent.h */ = {isa = PBXFileReference; fileEncoding = 4; lastKnownFileType = sourcecode.c.h; path = MJRefreshComponent.h; sourceTree = "<group>"; };
		8937FEA51E864F5900B6D0CD /* MJRefreshComponent.m */ = {isa = PBXFileReference; fileEncoding = 4; lastKnownFileType = sourcecode.c.objc; path = MJRefreshComponent.m; sourceTree = "<group>"; };
		8937FEA61E864F5900B6D0CD /* MJRefreshFooter.h */ = {isa = PBXFileReference; fileEncoding = 4; lastKnownFileType = sourcecode.c.h; path = MJRefreshFooter.h; sourceTree = "<group>"; };
		8937FEA71E864F5900B6D0CD /* MJRefreshFooter.m */ = {isa = PBXFileReference; fileEncoding = 4; lastKnownFileType = sourcecode.c.objc; path = MJRefreshFooter.m; sourceTree = "<group>"; };
		8937FEA81E864F5900B6D0CD /* MJRefreshHeader.h */ = {isa = PBXFileReference; fileEncoding = 4; lastKnownFileType = sourcecode.c.h; path = MJRefreshHeader.h; sourceTree = "<group>"; };
		8937FEA91E864F5900B6D0CD /* MJRefreshHeader.m */ = {isa = PBXFileReference; fileEncoding = 4; lastKnownFileType = sourcecode.c.objc; path = MJRefreshHeader.m; sourceTree = "<group>"; };
		8937FEAD1E864F5900B6D0CD /* MJRefreshAutoGifFooter.h */ = {isa = PBXFileReference; fileEncoding = 4; lastKnownFileType = sourcecode.c.h; path = MJRefreshAutoGifFooter.h; sourceTree = "<group>"; };
		8937FEAE1E864F5900B6D0CD /* MJRefreshAutoGifFooter.m */ = {isa = PBXFileReference; fileEncoding = 4; lastKnownFileType = sourcecode.c.objc; path = MJRefreshAutoGifFooter.m; sourceTree = "<group>"; };
		8937FEAF1E864F5900B6D0CD /* MJRefreshAutoNormalFooter.h */ = {isa = PBXFileReference; fileEncoding = 4; lastKnownFileType = sourcecode.c.h; path = MJRefreshAutoNormalFooter.h; sourceTree = "<group>"; };
		8937FEB01E864F5900B6D0CD /* MJRefreshAutoNormalFooter.m */ = {isa = PBXFileReference; fileEncoding = 4; lastKnownFileType = sourcecode.c.objc; path = MJRefreshAutoNormalFooter.m; sourceTree = "<group>"; };
		8937FEB11E864F5900B6D0CD /* MJRefreshAutoStateFooter.h */ = {isa = PBXFileReference; fileEncoding = 4; lastKnownFileType = sourcecode.c.h; path = MJRefreshAutoStateFooter.h; sourceTree = "<group>"; };
		8937FEB21E864F5900B6D0CD /* MJRefreshAutoStateFooter.m */ = {isa = PBXFileReference; fileEncoding = 4; lastKnownFileType = sourcecode.c.objc; path = MJRefreshAutoStateFooter.m; sourceTree = "<group>"; };
		8937FEB41E864F5900B6D0CD /* MJRefreshBackGifFooter.h */ = {isa = PBXFileReference; fileEncoding = 4; lastKnownFileType = sourcecode.c.h; path = MJRefreshBackGifFooter.h; sourceTree = "<group>"; };
		8937FEB51E864F5900B6D0CD /* MJRefreshBackGifFooter.m */ = {isa = PBXFileReference; fileEncoding = 4; lastKnownFileType = sourcecode.c.objc; path = MJRefreshBackGifFooter.m; sourceTree = "<group>"; };
		8937FEB61E864F5900B6D0CD /* MJRefreshBackNormalFooter.h */ = {isa = PBXFileReference; fileEncoding = 4; lastKnownFileType = sourcecode.c.h; path = MJRefreshBackNormalFooter.h; sourceTree = "<group>"; };
		8937FEB71E864F5900B6D0CD /* MJRefreshBackNormalFooter.m */ = {isa = PBXFileReference; fileEncoding = 4; lastKnownFileType = sourcecode.c.objc; path = MJRefreshBackNormalFooter.m; sourceTree = "<group>"; };
		8937FEB81E864F5900B6D0CD /* MJRefreshBackStateFooter.h */ = {isa = PBXFileReference; fileEncoding = 4; lastKnownFileType = sourcecode.c.h; path = MJRefreshBackStateFooter.h; sourceTree = "<group>"; };
		8937FEB91E864F5900B6D0CD /* MJRefreshBackStateFooter.m */ = {isa = PBXFileReference; fileEncoding = 4; lastKnownFileType = sourcecode.c.objc; path = MJRefreshBackStateFooter.m; sourceTree = "<group>"; };
		8937FEBB1E864F5900B6D0CD /* MJRefreshGifHeader.h */ = {isa = PBXFileReference; fileEncoding = 4; lastKnownFileType = sourcecode.c.h; path = MJRefreshGifHeader.h; sourceTree = "<group>"; };
		8937FEBC1E864F5900B6D0CD /* MJRefreshGifHeader.m */ = {isa = PBXFileReference; fileEncoding = 4; lastKnownFileType = sourcecode.c.objc; path = MJRefreshGifHeader.m; sourceTree = "<group>"; };
		8937FEBD1E864F5900B6D0CD /* MJRefreshNormalHeader.h */ = {isa = PBXFileReference; fileEncoding = 4; lastKnownFileType = sourcecode.c.h; path = MJRefreshNormalHeader.h; sourceTree = "<group>"; };
		8937FEBE1E864F5900B6D0CD /* MJRefreshNormalHeader.m */ = {isa = PBXFileReference; fileEncoding = 4; lastKnownFileType = sourcecode.c.objc; path = MJRefreshNormalHeader.m; sourceTree = "<group>"; };
		8937FEBF1E864F5900B6D0CD /* MJRefreshStateHeader.h */ = {isa = PBXFileReference; fileEncoding = 4; lastKnownFileType = sourcecode.c.h; path = MJRefreshStateHeader.h; sourceTree = "<group>"; };
		8937FEC01E864F5900B6D0CD /* MJRefreshStateHeader.m */ = {isa = PBXFileReference; fileEncoding = 4; lastKnownFileType = sourcecode.c.objc; path = MJRefreshStateHeader.m; sourceTree = "<group>"; };
		8937FEC11E864F5900B6D0CD /* MJRefresh.bundle */ = {isa = PBXFileReference; lastKnownFileType = "wrapper.plug-in"; path = MJRefresh.bundle; sourceTree = "<group>"; };
		8937FEC21E864F5900B6D0CD /* MJRefresh.h */ = {isa = PBXFileReference; fileEncoding = 4; lastKnownFileType = sourcecode.c.h; path = MJRefresh.h; sourceTree = "<group>"; };
		8937FEC31E864F5900B6D0CD /* MJRefreshConst.h */ = {isa = PBXFileReference; fileEncoding = 4; lastKnownFileType = sourcecode.c.h; path = MJRefreshConst.h; sourceTree = "<group>"; };
		8937FEC41E864F5900B6D0CD /* MJRefreshConst.m */ = {isa = PBXFileReference; fileEncoding = 4; lastKnownFileType = sourcecode.c.objc; path = MJRefreshConst.m; sourceTree = "<group>"; };
		8937FEC51E864F5900B6D0CD /* NSBundle+MJRefresh.h */ = {isa = PBXFileReference; fileEncoding = 4; lastKnownFileType = sourcecode.c.h; path = "NSBundle+MJRefresh.h"; sourceTree = "<group>"; };
		8937FEC61E864F5900B6D0CD /* NSBundle+MJRefresh.m */ = {isa = PBXFileReference; fileEncoding = 4; lastKnownFileType = sourcecode.c.objc; path = "NSBundle+MJRefresh.m"; sourceTree = "<group>"; };
		8937FEC71E864F5900B6D0CD /* UIScrollView+MJExtension.h */ = {isa = PBXFileReference; fileEncoding = 4; lastKnownFileType = sourcecode.c.h; path = "UIScrollView+MJExtension.h"; sourceTree = "<group>"; };
		8937FEC81E864F5900B6D0CD /* UIScrollView+MJExtension.m */ = {isa = PBXFileReference; fileEncoding = 4; lastKnownFileType = sourcecode.c.objc; path = "UIScrollView+MJExtension.m"; sourceTree = "<group>"; };
		8937FEC91E864F5900B6D0CD /* UIScrollView+MJRefresh.h */ = {isa = PBXFileReference; fileEncoding = 4; lastKnownFileType = sourcecode.c.h; path = "UIScrollView+MJRefresh.h"; sourceTree = "<group>"; };
		8937FECA1E864F5900B6D0CD /* UIScrollView+MJRefresh.m */ = {isa = PBXFileReference; fileEncoding = 4; lastKnownFileType = sourcecode.c.objc; path = "UIScrollView+MJRefresh.m"; sourceTree = "<group>"; };
		8937FECB1E864F5900B6D0CD /* UIView+MJExtension.h */ = {isa = PBXFileReference; fileEncoding = 4; lastKnownFileType = sourcecode.c.h; path = "UIView+MJExtension.h"; sourceTree = "<group>"; };
		8937FECC1E864F5900B6D0CD /* UIView+MJExtension.m */ = {isa = PBXFileReference; fileEncoding = 4; lastKnownFileType = sourcecode.c.objc; path = "UIView+MJExtension.m"; sourceTree = "<group>"; };
		8937FEE51E864FC000B6D0CD /* TFWebView.h */ = {isa = PBXFileReference; fileEncoding = 4; lastKnownFileType = sourcecode.c.h; path = TFWebView.h; sourceTree = "<group>"; };
		8937FEE61E864FC000B6D0CD /* TFWebView.m */ = {isa = PBXFileReference; fileEncoding = 4; lastKnownFileType = sourcecode.c.objc; path = TFWebView.m; sourceTree = "<group>"; };
		8937FEE91E8650BF00B6D0CD /* HTMLNode.h */ = {isa = PBXFileReference; fileEncoding = 4; lastKnownFileType = sourcecode.c.h; path = HTMLNode.h; sourceTree = "<group>"; };
		8937FEEA1E8650BF00B6D0CD /* HTMLNode.m */ = {isa = PBXFileReference; fileEncoding = 4; lastKnownFileType = sourcecode.c.objc; path = HTMLNode.m; sourceTree = "<group>"; };
		8937FEEB1E8650BF00B6D0CD /* HTMLParser.h */ = {isa = PBXFileReference; fileEncoding = 4; lastKnownFileType = sourcecode.c.h; path = HTMLParser.h; sourceTree = "<group>"; };
		8937FEEC1E8650BF00B6D0CD /* HTMLParser.m */ = {isa = PBXFileReference; fileEncoding = 4; lastKnownFileType = sourcecode.c.objc; path = HTMLParser.m; sourceTree = "<group>"; };
		8937FEED1E8650BF00B6D0CD /* README.md */ = {isa = PBXFileReference; fileEncoding = 4; lastKnownFileType = net.daringfireball.markdown; path = README.md; sourceTree = "<group>"; };
		8937FEF21E86511300B6D0CD /* TFHpple.h */ = {isa = PBXFileReference; fileEncoding = 4; lastKnownFileType = sourcecode.c.h; path = TFHpple.h; sourceTree = "<group>"; };
		8937FEF31E86511300B6D0CD /* TFHpple.m */ = {isa = PBXFileReference; fileEncoding = 4; lastKnownFileType = sourcecode.c.objc; path = TFHpple.m; sourceTree = "<group>"; };
		8937FEF41E86511300B6D0CD /* TFHppleElement.h */ = {isa = PBXFileReference; fileEncoding = 4; lastKnownFileType = sourcecode.c.h; path = TFHppleElement.h; sourceTree = "<group>"; };
		8937FEF51E86511300B6D0CD /* TFHppleElement.m */ = {isa = PBXFileReference; fileEncoding = 4; lastKnownFileType = sourcecode.c.objc; path = TFHppleElement.m; sourceTree = "<group>"; };
		8937FEF61E86511300B6D0CD /* XPathQuery.h */ = {isa = PBXFileReference; fileEncoding = 4; lastKnownFileType = sourcecode.c.h; path = XPathQuery.h; sourceTree = "<group>"; };
		8937FEF71E86511300B6D0CD /* XPathQuery.m */ = {isa = PBXFileReference; fileEncoding = 4; lastKnownFileType = sourcecode.c.objc; path = XPathQuery.m; sourceTree = "<group>"; };
		8937FEFB1E86515C00B6D0CD /* libxml2.2.tbd */ = {isa = PBXFileReference; lastKnownFileType = "sourcecode.text-based-dylib-definition"; name = libxml2.2.tbd; path = usr/lib/libxml2.2.tbd; sourceTree = SDKROOT; };
		8941449F1E8B654700C8DD59 /* Realm.framework */ = {isa = PBXFileReference; lastKnownFileType = wrapper.framework; path = Realm.framework; sourceTree = "<group>"; };
		894144A41E8B812000C8DD59 /* RMListModel.h */ = {isa = PBXFileReference; fileEncoding = 4; lastKnownFileType = sourcecode.c.h; path = RMListModel.h; sourceTree = "<group>"; };
		894144A51E8B812000C8DD59 /* RMListModel.m */ = {isa = PBXFileReference; fileEncoding = 4; lastKnownFileType = sourcecode.c.objc; path = RMListModel.m; sourceTree = "<group>"; };
		894145E21E8E550400C8DD59 /* UIScrollView+EmptyDataSet.h */ = {isa = PBXFileReference; fileEncoding = 4; lastKnownFileType = sourcecode.c.h; path = "UIScrollView+EmptyDataSet.h"; sourceTree = "<group>"; };
		894145E31E8E550400C8DD59 /* UIScrollView+EmptyDataSet.m */ = {isa = PBXFileReference; fileEncoding = 4; lastKnownFileType = sourcecode.c.objc; path = "UIScrollView+EmptyDataSet.m"; sourceTree = "<group>"; };
		894145E51E8E550400C8DD59 /* DGActivityIndicatorAnimationProtocol.h */ = {isa = PBXFileReference; fileEncoding = 4; lastKnownFileType = sourcecode.c.h; path = DGActivityIndicatorAnimationProtocol.h; sourceTree = "<group>"; };
		894145E61E8E550400C8DD59 /* DGActivityIndicatorRotatingTrigonAnimation.h */ = {isa = PBXFileReference; fileEncoding = 4; lastKnownFileType = sourcecode.c.h; path = DGActivityIndicatorRotatingTrigonAnimation.h; sourceTree = "<group>"; };
		894145E71E8E550400C8DD59 /* DGActivityIndicatorRotatingTrigonAnimation.m */ = {isa = PBXFileReference; fileEncoding = 4; lastKnownFileType = sourcecode.c.objc; path = DGActivityIndicatorRotatingTrigonAnimation.m; sourceTree = "<group>"; };
		894145E81E8E550400C8DD59 /* DGActivityIndicatorView.h */ = {isa = PBXFileReference; fileEncoding = 4; lastKnownFileType = sourcecode.c.h; path = DGActivityIndicatorView.h; sourceTree = "<group>"; };
		894145E91E8E550400C8DD59 /* DGActivityIndicatorView.m */ = {isa = PBXFileReference; fileEncoding = 4; lastKnownFileType = sourcecode.c.objc; path = DGActivityIndicatorView.m; sourceTree = "<group>"; };
		894145ED1E8E551700C8DD59 /* UIColor+Hexadecimal.h */ = {isa = PBXFileReference; fileEncoding = 4; lastKnownFileType = sourcecode.c.h; path = "UIColor+Hexadecimal.h"; sourceTree = "<group>"; };
		894145EE1E8E551700C8DD59 /* UIColor+Hexadecimal.m */ = {isa = PBXFileReference; fileEncoding = 4; lastKnownFileType = sourcecode.c.objc; path = "UIColor+Hexadecimal.m"; sourceTree = "<group>"; };
		9139FFD7184FD129985C629C /* libPods-iHonour.a */ = {isa = PBXFileReference; explicitFileType = archive.ar; includeInIndex = 0; path = "libPods-iHonour.a"; sourceTree = BUILT_PRODUCTS_DIR; };
		FE1877471E87A40400A37B64 /* HerosModel.h */ = {isa = PBXFileReference; fileEncoding = 4; lastKnownFileType = sourcecode.c.h; path = HerosModel.h; sourceTree = "<group>"; };
		FE1877481E87A40400A37B64 /* HerosModel.m */ = {isa = PBXFileReference; fileEncoding = 4; lastKnownFileType = sourcecode.c.objc; path = HerosModel.m; sourceTree = "<group>"; };
		FE18774D1E87DD3400A37B64 /* HerosBackUp.js */ = {isa = PBXFileReference; fileEncoding = 4; lastKnownFileType = sourcecode.javascript; path = HerosBackUp.js; sourceTree = "<group>"; };
		FE18774F1E87DD8C00A37B64 /* HerosCell.h */ = {isa = PBXFileReference; fileEncoding = 4; lastKnownFileType = sourcecode.c.h; path = HerosCell.h; sourceTree = "<group>"; };
		FE1877501E87DD8C00A37B64 /* HerosCell.m */ = {isa = PBXFileReference; fileEncoding = 4; lastKnownFileType = sourcecode.c.objc; path = HerosCell.m; sourceTree = "<group>"; };
		FE1877511E87DD8C00A37B64 /* HerosCell.xib */ = {isa = PBXFileReference; fileEncoding = 4; lastKnownFileType = file.xib; path = HerosCell.xib; sourceTree = "<group>"; };
		FE1877541E87EE4900A37B64 /* HerosSectionHeaderView.h */ = {isa = PBXFileReference; fileEncoding = 4; lastKnownFileType = sourcecode.c.h; path = HerosSectionHeaderView.h; sourceTree = "<group>"; };
		FE1877551E87EE4900A37B64 /* HerosSectionHeaderView.m */ = {isa = PBXFileReference; fileEncoding = 4; lastKnownFileType = sourcecode.c.objc; path = HerosSectionHeaderView.m; sourceTree = "<group>"; };
		FE1877561E87EE4900A37B64 /* HerosSectionHeaderView.xib */ = {isa = PBXFileReference; fileEncoding = 4; lastKnownFileType = file.xib; path = HerosSectionHeaderView.xib; sourceTree = "<group>"; };
		FE1877591E87F3D200A37B64 /* AdmobView.h */ = {isa = PBXFileReference; fileEncoding = 4; lastKnownFileType = sourcecode.c.h; path = AdmobView.h; sourceTree = "<group>"; };
		FE18775A1E87F3D200A37B64 /* AdmobView.m */ = {isa = PBXFileReference; fileEncoding = 4; lastKnownFileType = sourcecode.c.objc; path = AdmobView.m; sourceTree = "<group>"; };
		FE18775D1E87F68D00A37B64 /* GoogleMobileAds.framework */ = {isa = PBXFileReference; lastKnownFileType = wrapper.framework; path = GoogleMobileAds.framework; sourceTree = "<group>"; };
		FE18775E1E87F68D00A37B64 /* README.txt */ = {isa = PBXFileReference; fileEncoding = 4; lastKnownFileType = text; path = README.txt; sourceTree = "<group>"; };
		FE4D1B911E86B3AC0032ED29 /* PrefixHeader.pch */ = {isa = PBXFileReference; lastKnownFileType = sourcecode.c.h; path = PrefixHeader.pch; sourceTree = "<group>"; };
		FE4D1B931E86B4000032ED29 /* Base_TableViewController.h */ = {isa = PBXFileReference; fileEncoding = 4; lastKnownFileType = sourcecode.c.h; path = Base_TableViewController.h; sourceTree = "<group>"; };
		FE4D1B941E86B4000032ED29 /* Base_TableViewController.m */ = {isa = PBXFileReference; fileEncoding = 4; lastKnownFileType = sourcecode.c.objc; path = Base_TableViewController.m; sourceTree = "<group>"; };
		FE4D1B951E86B4000032ED29 /* BaseNavigationController.h */ = {isa = PBXFileReference; fileEncoding = 4; lastKnownFileType = sourcecode.c.h; path = BaseNavigationController.h; sourceTree = "<group>"; };
		FE4D1B961E86B4000032ED29 /* BaseNavigationController.m */ = {isa = PBXFileReference; fileEncoding = 4; lastKnownFileType = sourcecode.c.objc; path = BaseNavigationController.m; sourceTree = "<group>"; };
		FE4D1B971E86B4000032ED29 /* BaseTabBarController.h */ = {isa = PBXFileReference; fileEncoding = 4; lastKnownFileType = sourcecode.c.h; path = BaseTabBarController.h; sourceTree = "<group>"; };
		FE4D1B981E86B4000032ED29 /* BaseTabBarController.m */ = {isa = PBXFileReference; fileEncoding = 4; lastKnownFileType = sourcecode.c.objc; path = BaseTabBarController.m; sourceTree = "<group>"; };
		FE4D1B991E86B4000032ED29 /* BaseTableViewController.h */ = {isa = PBXFileReference; fileEncoding = 4; lastKnownFileType = sourcecode.c.h; path = BaseTableViewController.h; sourceTree = "<group>"; };
		FE4D1B9A1E86B4000032ED29 /* BaseTableViewController.m */ = {isa = PBXFileReference; fileEncoding = 4; lastKnownFileType = sourcecode.c.objc; path = BaseTableViewController.m; sourceTree = "<group>"; };
		FE4D1B9B1E86B4000032ED29 /* BaseViewController.h */ = {isa = PBXFileReference; fileEncoding = 4; lastKnownFileType = sourcecode.c.h; path = BaseViewController.h; sourceTree = "<group>"; };
		FE4D1B9C1E86B4000032ED29 /* BaseViewController.m */ = {isa = PBXFileReference; fileEncoding = 4; lastKnownFileType = sourcecode.c.objc; path = BaseViewController.m; sourceTree = "<group>"; };
		FE4D1BA61E86B43B0032ED29 /* RDVTabBar.h */ = {isa = PBXFileReference; fileEncoding = 4; lastKnownFileType = sourcecode.c.h; path = RDVTabBar.h; sourceTree = "<group>"; };
		FE4D1BA71E86B43B0032ED29 /* RDVTabBar.m */ = {isa = PBXFileReference; fileEncoding = 4; lastKnownFileType = sourcecode.c.objc; path = RDVTabBar.m; sourceTree = "<group>"; };
		FE4D1BA81E86B43B0032ED29 /* RDVTabBarController.h */ = {isa = PBXFileReference; fileEncoding = 4; lastKnownFileType = sourcecode.c.h; path = RDVTabBarController.h; sourceTree = "<group>"; };
		FE4D1BA91E86B43B0032ED29 /* RDVTabBarController.m */ = {isa = PBXFileReference; fileEncoding = 4; lastKnownFileType = sourcecode.c.objc; path = RDVTabBarController.m; sourceTree = "<group>"; };
		FE4D1BAA1E86B43B0032ED29 /* RDVTabBarItem.h */ = {isa = PBXFileReference; fileEncoding = 4; lastKnownFileType = sourcecode.c.h; path = RDVTabBarItem.h; sourceTree = "<group>"; };
		FE4D1BAB1E86B43B0032ED29 /* RDVTabBarItem.m */ = {isa = PBXFileReference; fileEncoding = 4; lastKnownFileType = sourcecode.c.objc; path = RDVTabBarItem.m; sourceTree = "<group>"; };
		FE4D1BAF1E86B8A60032ED29 /* News_RootController.h */ = {isa = PBXFileReference; fileEncoding = 4; lastKnownFileType = sourcecode.c.h; path = News_RootController.h; sourceTree = "<group>"; };
		FE4D1BB01E86B8A60032ED29 /* News_RootController.m */ = {isa = PBXFileReference; fileEncoding = 4; lastKnownFileType = sourcecode.c.objc; path = News_RootController.m; sourceTree = "<group>"; };
		FE4D1BB21E86B8B40032ED29 /* Cheats_RootController.h */ = {isa = PBXFileReference; fileEncoding = 4; lastKnownFileType = sourcecode.c.h; path = Cheats_RootController.h; sourceTree = "<group>"; };
		FE4D1BB31E86B8B40032ED29 /* Cheats_RootController.m */ = {isa = PBXFileReference; fileEncoding = 4; lastKnownFileType = sourcecode.c.objc; path = Cheats_RootController.m; sourceTree = "<group>"; };
		FE4D1BB51E86B8C40032ED29 /* Heros_RootController.h */ = {isa = PBXFileReference; fileEncoding = 4; lastKnownFileType = sourcecode.c.h; path = Heros_RootController.h; sourceTree = "<group>"; };
		FE4D1BB61E86B8C40032ED29 /* Heros_RootController.m */ = {isa = PBXFileReference; fileEncoding = 4; lastKnownFileType = sourcecode.c.objc; path = Heros_RootController.m; sourceTree = "<group>"; };
		FE4D1BBF1E86B92F0032ED29 /* UIImage+Category.h */ = {isa = PBXFileReference; fileEncoding = 4; lastKnownFileType = sourcecode.c.h; path = "UIImage+Category.h"; sourceTree = "<group>"; };
		FE4D1BC01E86B92F0032ED29 /* UIImage+Category.m */ = {isa = PBXFileReference; fileEncoding = 4; lastKnownFileType = sourcecode.c.objc; path = "UIImage+Category.m"; sourceTree = "<group>"; };
		FE4D1BC11E86B92F0032ED29 /* UIImage+Tint.h */ = {isa = PBXFileReference; fileEncoding = 4; lastKnownFileType = sourcecode.c.h; path = "UIImage+Tint.h"; sourceTree = "<group>"; };
		FE4D1BC21E86B92F0032ED29 /* UIImage+Tint.m */ = {isa = PBXFileReference; fileEncoding = 4; lastKnownFileType = sourcecode.c.objc; path = "UIImage+Tint.m"; sourceTree = "<group>"; };
		FE4D1BC61E875E470032ED29 /* XMLDictionary.h */ = {isa = PBXFileReference; fileEncoding = 4; lastKnownFileType = sourcecode.c.h; path = XMLDictionary.h; sourceTree = "<group>"; };
		FE4D1BC71E875E470032ED29 /* XMLDictionary.m */ = {isa = PBXFileReference; fileEncoding = 4; lastKnownFileType = sourcecode.c.objc; path = XMLDictionary.m; sourceTree = "<group>"; };
		FE4D1BC91E87630A0032ED29 /* NewsModel.h */ = {isa = PBXFileReference; fileEncoding = 4; lastKnownFileType = sourcecode.c.h; path = NewsModel.h; sourceTree = "<group>"; };
		FE4D1BCA1E87630A0032ED29 /* NewsModel.m */ = {isa = PBXFileReference; fileEncoding = 4; lastKnownFileType = sourcecode.c.objc; path = NewsModel.m; sourceTree = "<group>"; };
		FE4D1BCC1E8765B80032ED29 /* NewsCell.h */ = {isa = PBXFileReference; fileEncoding = 4; lastKnownFileType = sourcecode.c.h; path = NewsCell.h; sourceTree = "<group>"; };
		FE4D1BCD1E8765B80032ED29 /* NewsCell.m */ = {isa = PBXFileReference; fileEncoding = 4; lastKnownFileType = sourcecode.c.objc; path = NewsCell.m; sourceTree = "<group>"; };
		FE4D1BCE1E8765B80032ED29 /* NewsCell.xib */ = {isa = PBXFileReference; fileEncoding = 4; lastKnownFileType = file.xib; path = NewsCell.xib; sourceTree = "<group>"; };
		FE4D1BD11E878F460032ED29 /* HtmlDetailViewController.h */ = {isa = PBXFileReference; fileEncoding = 4; lastKnownFileType = sourcecode.c.h; path = HtmlDetailViewController.h; sourceTree = "<group>"; };
		FE4D1BD21E878F460032ED29 /* HtmlDetailViewController.m */ = {isa = PBXFileReference; fileEncoding = 4; lastKnownFileType = sourcecode.c.objc; path = HtmlDetailViewController.m; sourceTree = "<group>"; };
		FE4D1BD81E87915B0032ED29 /* ObjcRuntime.h */ = {isa = PBXFileReference; fileEncoding = 4; lastKnownFileType = sourcecode.c.h; path = ObjcRuntime.h; sourceTree = "<group>"; };
		FE4D1BD91E87915B0032ED29 /* ObjcRuntime.m */ = {isa = PBXFileReference; fileEncoding = 4; lastKnownFileType = sourcecode.c.objc; path = ObjcRuntime.m; sourceTree = "<group>"; };
		FE4D1BDA1E87915B0032ED29 /* UIViewController+Swizzle.h */ = {isa = PBXFileReference; fileEncoding = 4; lastKnownFileType = sourcecode.c.h; path = "UIViewController+Swizzle.h"; sourceTree = "<group>"; };
		FE4D1BDB1E87915B0032ED29 /* UIViewController+Swizzle.m */ = {isa = PBXFileReference; fileEncoding = 4; lastKnownFileType = sourcecode.c.objc; path = "UIViewController+Swizzle.m"; sourceTree = "<group>"; };
		FEC5E7011E895C8700FA7B64 /* AdmobCell.h */ = {isa = PBXFileReference; fileEncoding = 4; lastKnownFileType = sourcecode.c.h; path = AdmobCell.h; sourceTree = "<group>"; };
		FEC5E7021E895C8700FA7B64 /* AdmobCell.m */ = {isa = PBXFileReference; fileEncoding = 4; lastKnownFileType = sourcecode.c.objc; path = AdmobCell.m; sourceTree = "<group>"; };
		FEC5E7051E8AA89D00FA7B64 /* Me_RootController.h */ = {isa = PBXFileReference; fileEncoding = 4; lastKnownFileType = sourcecode.c.h; path = Me_RootController.h; sourceTree = "<group>"; };
		FEC5E7061E8AA89D00FA7B64 /* Me_RootController.m */ = {isa = PBXFileReference; fileEncoding = 4; lastKnownFileType = sourcecode.c.objc; path = Me_RootController.m; sourceTree = "<group>"; };
		FEC5E7081E8BF70C00FA7B64 /* RMLTools.h */ = {isa = PBXFileReference; fileEncoding = 4; lastKnownFileType = sourcecode.c.h; path = RMLTools.h; sourceTree = "<group>"; };
		FEC5E7091E8BF70C00FA7B64 /* RMLTools.m */ = {isa = PBXFileReference; fileEncoding = 4; lastKnownFileType = sourcecode.c.objc; path = RMLTools.m; sourceTree = "<group>"; };
		FEC5E70D1E8C036F00FA7B64 /* AboutViewController.h */ = {isa = PBXFileReference; fileEncoding = 4; lastKnownFileType = sourcecode.c.h; path = AboutViewController.h; sourceTree = "<group>"; };
		FEC5E70E1E8C036F00FA7B64 /* AboutViewController.m */ = {isa = PBXFileReference; fileEncoding = 4; lastKnownFileType = sourcecode.c.objc; path = AboutViewController.m; sourceTree = "<group>"; };
		FEC5E7141E8C036F00FA7B64 /* CollectModel.h */ = {isa = PBXFileReference; fileEncoding = 4; lastKnownFileType = sourcecode.c.h; path = CollectModel.h; sourceTree = "<group>"; };
		FEC5E7151E8C036F00FA7B64 /* CollectModel.m */ = {isa = PBXFileReference; fileEncoding = 4; lastKnownFileType = sourcecode.c.objc; path = CollectModel.m; sourceTree = "<group>"; };
		FEC5E7161E8C036F00FA7B64 /* HistoryCellModel.h */ = {isa = PBXFileReference; fileEncoding = 4; lastKnownFileType = sourcecode.c.h; path = HistoryCellModel.h; sourceTree = "<group>"; };
		FEC5E7171E8C036F00FA7B64 /* HistoryCellModel.m */ = {isa = PBXFileReference; fileEncoding = 4; lastKnownFileType = sourcecode.c.objc; path = HistoryCellModel.m; sourceTree = "<group>"; };
		FEC5E7181E8C036F00FA7B64 /* SettingArrowItem.h */ = {isa = PBXFileReference; fileEncoding = 4; lastKnownFileType = sourcecode.c.h; path = SettingArrowItem.h; sourceTree = "<group>"; };
		FEC5E7191E8C036F00FA7B64 /* SettingArrowItem.m */ = {isa = PBXFileReference; fileEncoding = 4; lastKnownFileType = sourcecode.c.objc; path = SettingArrowItem.m; sourceTree = "<group>"; };
		FEC5E71A1E8C036F00FA7B64 /* SettingItem.h */ = {isa = PBXFileReference; fileEncoding = 4; lastKnownFileType = sourcecode.c.h; path = SettingItem.h; sourceTree = "<group>"; };
		FEC5E71B1E8C036F00FA7B64 /* SettingItem.m */ = {isa = PBXFileReference; fileEncoding = 4; lastKnownFileType = sourcecode.c.objc; path = SettingItem.m; sourceTree = "<group>"; };
		FEC5E71C1E8C036F00FA7B64 /* SettingSwitchItem.h */ = {isa = PBXFileReference; fileEncoding = 4; lastKnownFileType = sourcecode.c.h; path = SettingSwitchItem.h; sourceTree = "<group>"; };
		FEC5E71D1E8C036F00FA7B64 /* SettingSwitchItem.m */ = {isa = PBXFileReference; fileEncoding = 4; lastKnownFileType = sourcecode.c.objc; path = SettingSwitchItem.m; sourceTree = "<group>"; };
		FEC5E71F1E8C036F00FA7B64 /* MeHeaderView.h */ = {isa = PBXFileReference; fileEncoding = 4; lastKnownFileType = sourcecode.c.h; path = MeHeaderView.h; sourceTree = "<group>"; };
		FEC5E7201E8C036F00FA7B64 /* MeHeaderView.m */ = {isa = PBXFileReference; fileEncoding = 4; lastKnownFileType = sourcecode.c.objc; path = MeHeaderView.m; sourceTree = "<group>"; };
		FEC5E7211E8C036F00FA7B64 /* SettingCell.h */ = {isa = PBXFileReference; fileEncoding = 4; lastKnownFileType = sourcecode.c.h; path = SettingCell.h; sourceTree = "<group>"; };
		FEC5E7221E8C036F00FA7B64 /* SettingCell.m */ = {isa = PBXFileReference; fileEncoding = 4; lastKnownFileType = sourcecode.c.objc; path = SettingCell.m; sourceTree = "<group>"; };
		FEC5E7231E8C036F00FA7B64 /* SettingCell.xib */ = {isa = PBXFileReference; fileEncoding = 4; lastKnownFileType = file.xib; path = SettingCell.xib; sourceTree = "<group>"; };
		FEC5E7241E8C036F00FA7B64 /* SettingSwitchCell.h */ = {isa = PBXFileReference; fileEncoding = 4; lastKnownFileType = sourcecode.c.h; path = SettingSwitchCell.h; sourceTree = "<group>"; };
		FEC5E7251E8C036F00FA7B64 /* SettingSwitchCell.m */ = {isa = PBXFileReference; fileEncoding = 4; lastKnownFileType = sourcecode.c.objc; path = SettingSwitchCell.m; sourceTree = "<group>"; };
		FEC5E7261E8C036F00FA7B64 /* SettingSwitchCell.xib */ = {isa = PBXFileReference; fileEncoding = 4; lastKnownFileType = file.xib; path = SettingSwitchCell.xib; sourceTree = "<group>"; };
		FEC5E7271E8C036F00FA7B64 /* SettingSwitchCell2.h */ = {isa = PBXFileReference; fileEncoding = 4; lastKnownFileType = sourcecode.c.h; path = SettingSwitchCell2.h; sourceTree = "<group>"; };
		FEC5E7281E8C036F00FA7B64 /* SettingSwitchCell2.m */ = {isa = PBXFileReference; fileEncoding = 4; lastKnownFileType = sourcecode.c.objc; path = SettingSwitchCell2.m; sourceTree = "<group>"; };
		FEC5E7291E8C036F00FA7B64 /* SettingSwitchCell2.xib */ = {isa = PBXFileReference; fileEncoding = 4; lastKnownFileType = file.xib; path = SettingSwitchCell2.xib; sourceTree = "<group>"; };
		FEC5E73A1E8C038E00FA7B64 /* Global.h */ = {isa = PBXFileReference; fileEncoding = 4; lastKnownFileType = sourcecode.c.h; path = Global.h; sourceTree = "<group>"; };
		FEC5E73B1E8C038E00FA7B64 /* Global.m */ = {isa = PBXFileReference; fileEncoding = 4; lastKnownFileType = sourcecode.c.objc; path = Global.m; sourceTree = "<group>"; };
		FEC5E73C1E8C038E00FA7B64 /* WdCleanCaches.h */ = {isa = PBXFileReference; fileEncoding = 4; lastKnownFileType = sourcecode.c.h; path = WdCleanCaches.h; sourceTree = "<group>"; };
		FEC5E73D1E8C038E00FA7B64 /* WdCleanCaches.m */ = {isa = PBXFileReference; fileEncoding = 4; lastKnownFileType = sourcecode.c.objc; path = WdCleanCaches.m; sourceTree = "<group>"; };
		FEC5E7411E8C046900FA7B64 /* SVIndefiniteAnimatedView.h */ = {isa = PBXFileReference; fileEncoding = 4; lastKnownFileType = sourcecode.c.h; path = SVIndefiniteAnimatedView.h; sourceTree = "<group>"; };
		FEC5E7421E8C046900FA7B64 /* SVIndefiniteAnimatedView.m */ = {isa = PBXFileReference; fileEncoding = 4; lastKnownFileType = sourcecode.c.objc; path = SVIndefiniteAnimatedView.m; sourceTree = "<group>"; };
		FEC5E7431E8C046900FA7B64 /* SVProgressAnimatedView.h */ = {isa = PBXFileReference; fileEncoding = 4; lastKnownFileType = sourcecode.c.h; path = SVProgressAnimatedView.h; sourceTree = "<group>"; };
		FEC5E7441E8C046900FA7B64 /* SVProgressAnimatedView.m */ = {isa = PBXFileReference; fileEncoding = 4; lastKnownFileType = sourcecode.c.objc; path = SVProgressAnimatedView.m; sourceTree = "<group>"; };
		FEC5E7451E8C046900FA7B64 /* SVProgressHUD-Prefix.pch */ = {isa = PBXFileReference; fileEncoding = 4; lastKnownFileType = sourcecode.c.h; path = "SVProgressHUD-Prefix.pch"; sourceTree = "<group>"; };
		FEC5E7461E8C046900FA7B64 /* SVProgressHUD.bundle */ = {isa = PBXFileReference; lastKnownFileType = "wrapper.plug-in"; path = SVProgressHUD.bundle; sourceTree = "<group>"; };
		FEC5E7471E8C046900FA7B64 /* SVProgressHUD.h */ = {isa = PBXFileReference; fileEncoding = 4; lastKnownFileType = sourcecode.c.h; path = SVProgressHUD.h; sourceTree = "<group>"; };
		FEC5E7481E8C046900FA7B64 /* SVProgressHUD.m */ = {isa = PBXFileReference; fileEncoding = 4; lastKnownFileType = sourcecode.c.objc; path = SVProgressHUD.m; sourceTree = "<group>"; };
		FEC5E7491E8C046900FA7B64 /* SVRadialGradientLayer.h */ = {isa = PBXFileReference; fileEncoding = 4; lastKnownFileType = sourcecode.c.h; path = SVRadialGradientLayer.h; sourceTree = "<group>"; };
		FEC5E74A1E8C046900FA7B64 /* SVRadialGradientLayer.m */ = {isa = PBXFileReference; fileEncoding = 4; lastKnownFileType = sourcecode.c.objc; path = SVRadialGradientLayer.m; sourceTree = "<group>"; };
		FEC5E7501E8C048500FA7B64 /* CollectionViewController.h */ = {isa = PBXFileReference; fileEncoding = 4; lastKnownFileType = sourcecode.c.h; path = CollectionViewController.h; sourceTree = "<group>"; };
		FEC5E7511E8C048500FA7B64 /* CollectionViewController.m */ = {isa = PBXFileReference; fileEncoding = 4; lastKnownFileType = sourcecode.c.objc; path = CollectionViewController.m; sourceTree = "<group>"; };
/* End PBXFileReference section */

/* Begin PBXFrameworksBuildPhase section */
		8937FE5F1E864D7700B6D0CD /* Frameworks */ = {
			isa = PBXFrameworksBuildPhase;
			buildActionMask = 2147483647;
			files = (
				894144A01E8B654700C8DD59 /* Realm.framework in Frameworks */,
				FE18775F1E87F68D00A37B64 /* GoogleMobileAds.framework in Frameworks */,
				8937FEFC1E86515C00B6D0CD /* libxml2.2.tbd in Frameworks */,
				A6766D774B331362860E4058 /* libPods-iHonour.a in Frameworks */,
				894144A11E8B657300C8DD59 /* Realm.framework in Frameworks */,
			);
			runOnlyForDeploymentPostprocessing = 0;
		};
		8937FE781E864D7700B6D0CD /* Frameworks */ = {
			isa = PBXFrameworksBuildPhase;
			buildActionMask = 2147483647;
			files = (
			);
			runOnlyForDeploymentPostprocessing = 0;
		};
		8937FE831E864D7700B6D0CD /* Frameworks */ = {
			isa = PBXFrameworksBuildPhase;
			buildActionMask = 2147483647;
			files = (
			);
			runOnlyForDeploymentPostprocessing = 0;
		};
/* End PBXFrameworksBuildPhase section */

/* Begin PBXGroup section */
		25303A05106F0A84FCFBE8AF /* Pods */ = {
			isa = PBXGroup;
			children = (
				7EC67CA08335DA469BBE4CD1 /* Pods-iHonour.debug.xcconfig */,
				3C1F6592B0D64DBAE5940729 /* Pods-iHonour.release.xcconfig */,
			);
			name = Pods;
			sourceTree = "<group>";
		};
		441A0991BB6A0B7BA8ECD6CD /* Frameworks */ = {
			isa = PBXGroup;
			children = (
				8937FEFB1E86515C00B6D0CD /* libxml2.2.tbd */,
				9139FFD7184FD129985C629C /* libPods-iHonour.a */,
			);
			name = Frameworks;
			sourceTree = "<group>";
		};
		8937FE591E864D7700B6D0CD = {
			isa = PBXGroup;
			children = (
				8937FE641E864D7700B6D0CD /* iHonour */,
				8937FE7E1E864D7700B6D0CD /* iHonourTests */,
				8937FE891E864D7700B6D0CD /* iHonourUITests */,
				8937FE631E864D7700B6D0CD /* Products */,
				25303A05106F0A84FCFBE8AF /* Pods */,
				441A0991BB6A0B7BA8ECD6CD /* Frameworks */,
			);
			sourceTree = "<group>";
		};
		8937FE631E864D7700B6D0CD /* Products */ = {
			isa = PBXGroup;
			children = (
				8937FE621E864D7700B6D0CD /* iHonour.app */,
				8937FE7B1E864D7700B6D0CD /* iHonourTests.xctest */,
				8937FE861E864D7700B6D0CD /* iHonourUITests.xctest */,
			);
			name = Products;
			sourceTree = "<group>";
		};
		8937FE641E864D7700B6D0CD /* iHonour */ = {
			isa = PBXGroup;
			children = (
				8937FE681E864D7700B6D0CD /* AppDelegate.h */,
				8937FE691E864D7700B6D0CD /* AppDelegate.m */,
				8937FE6B1E864D7700B6D0CD /* ViewController.h */,
				8937FE6C1E864D7700B6D0CD /* ViewController.m */,
				FE4D1B911E86B3AC0032ED29 /* PrefixHeader.pch */,
				8937FE6E1E864D7700B6D0CD /* Main.storyboard */,
				8937FE711E864D7700B6D0CD /* Assets.xcassets */,
				8937FE9A1E864F4B00B6D0CD /* Lib */,
				8937FE981E864F4B00B6D0CD /* Classes */,
				8937FE651E864D7700B6D0CD /* Supporting Files */,
			);
			path = iHonour;
			sourceTree = "<group>";
		};
		8937FE651E864D7700B6D0CD /* Supporting Files */ = {
			isa = PBXGroup;
			children = (
				8937FE731E864D7700B6D0CD /* LaunchScreen.storyboard */,
				8937FE761E864D7700B6D0CD /* Info.plist */,
				8937FE661E864D7700B6D0CD /* main.m */,
			);
			name = "Supporting Files";
			sourceTree = "<group>";
		};
		8937FE7E1E864D7700B6D0CD /* iHonourTests */ = {
			isa = PBXGroup;
			children = (
				8937FE7F1E864D7700B6D0CD /* iHonourTests.m */,
				8937FE811E864D7700B6D0CD /* Info.plist */,
			);
			path = iHonourTests;
			sourceTree = "<group>";
		};
		8937FE891E864D7700B6D0CD /* iHonourUITests */ = {
			isa = PBXGroup;
			children = (
				8937FE8A1E864D7700B6D0CD /* iHonourUITests.m */,
				8937FE8C1E864D7700B6D0CD /* Info.plist */,
			);
			path = iHonourUITests;
			sourceTree = "<group>";
		};
		8937FE981E864F4B00B6D0CD /* Classes */ = {
			isa = PBXGroup;
			children = (
				FE4D1B901E86B3410032ED29 /* News */,
				FE4D1B8E1E86B3410032ED29 /* Cheats */,
				FE4D1B8F1E86B3410032ED29 /* Heros */,
				FEC5E7041E8AA88700FA7B64 /* Me */,
				FE4D1B921E86B4000032ED29 /* Main */,
			);
			path = Classes;
			sourceTree = "<group>";
		};
		8937FE9A1E864F4B00B6D0CD /* Lib */ = {
			isa = PBXGroup;
			children = (
				FE4D1BBE1E86B92F0032ED29 /* Category */,
				8937FE9D1E864F4B00B6D0CD /* Vendor */,
			);
			path = Lib;
			sourceTree = "<group>";
		};
		8937FE9D1E864F4B00B6D0CD /* Vendor */ = {
			isa = PBXGroup;
			children = (
				894145E11E8E550400C8DD59 /* DZNEmptyDataSet */,
				894145E41E8E550400C8DD59 /* Loading */,
				FEC5E7401E8C046900FA7B64 /* SVProgressHUD */,
				FEC5E7391E8C038E00FA7B64 /* ClearCache */,
				8941449E1E8B654700C8DD59 /* realm-objc-2.4.4 */,
				FE18775C1E87F68D00A37B64 /* GoogleMobileAdsSdkiOS-7.19.0 */,
				FE4D1BC51E875E470032ED29 /* XMLDictionary */,
				FE4D1BA51E86B43B0032ED29 /* RDVTabBarController */,
				8937FEF11E86511300B6D0CD /* Hpple */,
				8937FEE81E8650BF00B6D0CD /* Objective-C-HMTL-Parser-master */,
				8937FEE41E864FC000B6D0CD /* TFWebView */,
				8937FE9E1E864F5900B6D0CD /* MJRefresh */,
			);
			path = Vendor;
			sourceTree = "<group>";
		};
		8937FE9E1E864F5900B6D0CD /* MJRefresh */ = {
			isa = PBXGroup;
			children = (
				8937FE9F1E864F5900B6D0CD /* Base */,
				8937FEAA1E864F5900B6D0CD /* Custom */,
				8937FEC11E864F5900B6D0CD /* MJRefresh.bundle */,
				8937FEC21E864F5900B6D0CD /* MJRefresh.h */,
				8937FEC31E864F5900B6D0CD /* MJRefreshConst.h */,
				8937FEC41E864F5900B6D0CD /* MJRefreshConst.m */,
				8937FEC51E864F5900B6D0CD /* NSBundle+MJRefresh.h */,
				8937FEC61E864F5900B6D0CD /* NSBundle+MJRefresh.m */,
				8937FEC71E864F5900B6D0CD /* UIScrollView+MJExtension.h */,
				8937FEC81E864F5900B6D0CD /* UIScrollView+MJExtension.m */,
				8937FEC91E864F5900B6D0CD /* UIScrollView+MJRefresh.h */,
				8937FECA1E864F5900B6D0CD /* UIScrollView+MJRefresh.m */,
				8937FECB1E864F5900B6D0CD /* UIView+MJExtension.h */,
				8937FECC1E864F5900B6D0CD /* UIView+MJExtension.m */,
			);
			path = MJRefresh;
			sourceTree = "<group>";
		};
		8937FE9F1E864F5900B6D0CD /* Base */ = {
			isa = PBXGroup;
			children = (
				8937FEA01E864F5900B6D0CD /* MJRefreshAutoFooter.h */,
				8937FEA11E864F5900B6D0CD /* MJRefreshAutoFooter.m */,
				8937FEA21E864F5900B6D0CD /* MJRefreshBackFooter.h */,
				8937FEA31E864F5900B6D0CD /* MJRefreshBackFooter.m */,
				8937FEA41E864F5900B6D0CD /* MJRefreshComponent.h */,
				8937FEA51E864F5900B6D0CD /* MJRefreshComponent.m */,
				8937FEA61E864F5900B6D0CD /* MJRefreshFooter.h */,
				8937FEA71E864F5900B6D0CD /* MJRefreshFooter.m */,
				8937FEA81E864F5900B6D0CD /* MJRefreshHeader.h */,
				8937FEA91E864F5900B6D0CD /* MJRefreshHeader.m */,
			);
			path = Base;
			sourceTree = "<group>";
		};
		8937FEAA1E864F5900B6D0CD /* Custom */ = {
			isa = PBXGroup;
			children = (
				8937FEAB1E864F5900B6D0CD /* Footer */,
				8937FEBA1E864F5900B6D0CD /* Header */,
			);
			path = Custom;
			sourceTree = "<group>";
		};
		8937FEAB1E864F5900B6D0CD /* Footer */ = {
			isa = PBXGroup;
			children = (
				8937FEAC1E864F5900B6D0CD /* Auto */,
				8937FEB31E864F5900B6D0CD /* Back */,
			);
			path = Footer;
			sourceTree = "<group>";
		};
		8937FEAC1E864F5900B6D0CD /* Auto */ = {
			isa = PBXGroup;
			children = (
				8937FEAD1E864F5900B6D0CD /* MJRefreshAutoGifFooter.h */,
				8937FEAE1E864F5900B6D0CD /* MJRefreshAutoGifFooter.m */,
				8937FEAF1E864F5900B6D0CD /* MJRefreshAutoNormalFooter.h */,
				8937FEB01E864F5900B6D0CD /* MJRefreshAutoNormalFooter.m */,
				8937FEB11E864F5900B6D0CD /* MJRefreshAutoStateFooter.h */,
				8937FEB21E864F5900B6D0CD /* MJRefreshAutoStateFooter.m */,
			);
			path = Auto;
			sourceTree = "<group>";
		};
		8937FEB31E864F5900B6D0CD /* Back */ = {
			isa = PBXGroup;
			children = (
				8937FEB41E864F5900B6D0CD /* MJRefreshBackGifFooter.h */,
				8937FEB51E864F5900B6D0CD /* MJRefreshBackGifFooter.m */,
				8937FEB61E864F5900B6D0CD /* MJRefreshBackNormalFooter.h */,
				8937FEB71E864F5900B6D0CD /* MJRefreshBackNormalFooter.m */,
				8937FEB81E864F5900B6D0CD /* MJRefreshBackStateFooter.h */,
				8937FEB91E864F5900B6D0CD /* MJRefreshBackStateFooter.m */,
			);
			path = Back;
			sourceTree = "<group>";
		};
		8937FEBA1E864F5900B6D0CD /* Header */ = {
			isa = PBXGroup;
			children = (
				8937FEBB1E864F5900B6D0CD /* MJRefreshGifHeader.h */,
				8937FEBC1E864F5900B6D0CD /* MJRefreshGifHeader.m */,
				8937FEBD1E864F5900B6D0CD /* MJRefreshNormalHeader.h */,
				8937FEBE1E864F5900B6D0CD /* MJRefreshNormalHeader.m */,
				8937FEBF1E864F5900B6D0CD /* MJRefreshStateHeader.h */,
				8937FEC01E864F5900B6D0CD /* MJRefreshStateHeader.m */,
			);
			path = Header;
			sourceTree = "<group>";
		};
		8937FEE41E864FC000B6D0CD /* TFWebView */ = {
			isa = PBXGroup;
			children = (
				8937FEE51E864FC000B6D0CD /* TFWebView.h */,
				8937FEE61E864FC000B6D0CD /* TFWebView.m */,
			);
			path = TFWebView;
			sourceTree = "<group>";
		};
		8937FEE81E8650BF00B6D0CD /* Objective-C-HMTL-Parser-master */ = {
			isa = PBXGroup;
			children = (
				8937FEE91E8650BF00B6D0CD /* HTMLNode.h */,
				8937FEEA1E8650BF00B6D0CD /* HTMLNode.m */,
				8937FEEB1E8650BF00B6D0CD /* HTMLParser.h */,
				8937FEEC1E8650BF00B6D0CD /* HTMLParser.m */,
				8937FEED1E8650BF00B6D0CD /* README.md */,
			);
			path = "Objective-C-HMTL-Parser-master";
			sourceTree = "<group>";
		};
		8937FEF11E86511300B6D0CD /* Hpple */ = {
			isa = PBXGroup;
			children = (
				8937FEF21E86511300B6D0CD /* TFHpple.h */,
				8937FEF31E86511300B6D0CD /* TFHpple.m */,
				8937FEF41E86511300B6D0CD /* TFHppleElement.h */,
				8937FEF51E86511300B6D0CD /* TFHppleElement.m */,
				8937FEF61E86511300B6D0CD /* XPathQuery.h */,
				8937FEF71E86511300B6D0CD /* XPathQuery.m */,
			);
			path = Hpple;
			sourceTree = "<group>";
		};
		8941449E1E8B654700C8DD59 /* realm-objc-2.4.4 */ = {
			isa = PBXGroup;
			children = (
				8941449F1E8B654700C8DD59 /* Realm.framework */,
			);
			path = "realm-objc-2.4.4";
			sourceTree = "<group>";
		};
		894145E11E8E550400C8DD59 /* DZNEmptyDataSet */ = {
			isa = PBXGroup;
			children = (
				894145ED1E8E551700C8DD59 /* UIColor+Hexadecimal.h */,
				894145EE1E8E551700C8DD59 /* UIColor+Hexadecimal.m */,
				894145E21E8E550400C8DD59 /* UIScrollView+EmptyDataSet.h */,
				894145E31E8E550400C8DD59 /* UIScrollView+EmptyDataSet.m */,
			);
			path = DZNEmptyDataSet;
			sourceTree = "<group>";
		};
		894145E41E8E550400C8DD59 /* Loading */ = {
			isa = PBXGroup;
			children = (
				894145E51E8E550400C8DD59 /* DGActivityIndicatorAnimationProtocol.h */,
				894145E61E8E550400C8DD59 /* DGActivityIndicatorRotatingTrigonAnimation.h */,
				894145E71E8E550400C8DD59 /* DGActivityIndicatorRotatingTrigonAnimation.m */,
				894145E81E8E550400C8DD59 /* DGActivityIndicatorView.h */,
				894145E91E8E550400C8DD59 /* DGActivityIndicatorView.m */,
			);
			path = Loading;
			sourceTree = "<group>";
		};
		FE18775C1E87F68D00A37B64 /* GoogleMobileAdsSdkiOS-7.19.0 */ = {
			isa = PBXGroup;
			children = (
				FE18775D1E87F68D00A37B64 /* GoogleMobileAds.framework */,
				FE18775E1E87F68D00A37B64 /* README.txt */,
			);
			path = "GoogleMobileAdsSdkiOS-7.19.0";
			sourceTree = "<group>";
		};
		FE4D1B8E1E86B3410032ED29 /* Cheats */ = {
			isa = PBXGroup;
			children = (
				FE4D1BB21E86B8B40032ED29 /* Cheats_RootController.h */,
				FE4D1BB31E86B8B40032ED29 /* Cheats_RootController.m */,
				FEC5E7501E8C048500FA7B64 /* CollectionViewController.h */,
				FEC5E7511E8C048500FA7B64 /* CollectionViewController.m */,
			);
			path = Cheats;
			sourceTree = "<group>";
		};
		FE4D1B8F1E86B3410032ED29 /* Heros */ = {
			isa = PBXGroup;
			children = (
				FE4D1BB51E86B8C40032ED29 /* Heros_RootController.h */,
				FE4D1BB61E86B8C40032ED29 /* Heros_RootController.m */,
				FE18774F1E87DD8C00A37B64 /* HerosCell.h */,
				FE1877501E87DD8C00A37B64 /* HerosCell.m */,
				FE1877511E87DD8C00A37B64 /* HerosCell.xib */,
				FE1877541E87EE4900A37B64 /* HerosSectionHeaderView.h */,
				FE1877551E87EE4900A37B64 /* HerosSectionHeaderView.m */,
				FE1877561E87EE4900A37B64 /* HerosSectionHeaderView.xib */,
				FE18774D1E87DD3400A37B64 /* HerosBackUp.js */,
				FE1877471E87A40400A37B64 /* HerosModel.h */,
				FE1877481E87A40400A37B64 /* HerosModel.m */,
			);
			path = Heros;
			sourceTree = "<group>";
		};
		FE4D1B901E86B3410032ED29 /* News */ = {
			isa = PBXGroup;
			children = (
				FE4D1BAF1E86B8A60032ED29 /* News_RootController.h */,
				FE4D1BB01E86B8A60032ED29 /* News_RootController.m */,
				FE4D1BD11E878F460032ED29 /* HtmlDetailViewController.h */,
				FE4D1BD21E878F460032ED29 /* HtmlDetailViewController.m */,
				FE1877591E87F3D200A37B64 /* AdmobView.h */,
				FE18775A1E87F3D200A37B64 /* AdmobView.m */,
				FEC5E7011E895C8700FA7B64 /* AdmobCell.h */,
				FEC5E7021E895C8700FA7B64 /* AdmobCell.m */,
				FE4D1BCC1E8765B80032ED29 /* NewsCell.h */,
				FE4D1BCD1E8765B80032ED29 /* NewsCell.m */,
				FE4D1BCE1E8765B80032ED29 /* NewsCell.xib */,
				FE4D1BC91E87630A0032ED29 /* NewsModel.h */,
				FE4D1BCA1E87630A0032ED29 /* NewsModel.m */,
			);
			path = News;
			sourceTree = "<group>";
		};
		FE4D1B921E86B4000032ED29 /* Main */ = {
			isa = PBXGroup;
			children = (
				FE4D1B931E86B4000032ED29 /* Base_TableViewController.h */,
				FE4D1B941E86B4000032ED29 /* Base_TableViewController.m */,
				FE4D1B951E86B4000032ED29 /* BaseNavigationController.h */,
				FE4D1B961E86B4000032ED29 /* BaseNavigationController.m */,
				FE4D1B971E86B4000032ED29 /* BaseTabBarController.h */,
				FE4D1B981E86B4000032ED29 /* BaseTabBarController.m */,
				FE4D1B991E86B4000032ED29 /* BaseTableViewController.h */,
				FE4D1B9A1E86B4000032ED29 /* BaseTableViewController.m */,
				FE4D1B9B1E86B4000032ED29 /* BaseViewController.h */,
				FE4D1B9C1E86B4000032ED29 /* BaseViewController.m */,
			);
			path = Main;
			sourceTree = "<group>";
		};
		FE4D1BA51E86B43B0032ED29 /* RDVTabBarController */ = {
			isa = PBXGroup;
			children = (
				FE4D1BD71E87915B0032ED29 /* ObjcRuntime */,
				FE4D1BA61E86B43B0032ED29 /* RDVTabBar.h */,
				FE4D1BA71E86B43B0032ED29 /* RDVTabBar.m */,
				FE4D1BA81E86B43B0032ED29 /* RDVTabBarController.h */,
				FE4D1BA91E86B43B0032ED29 /* RDVTabBarController.m */,
				FE4D1BAA1E86B43B0032ED29 /* RDVTabBarItem.h */,
				FE4D1BAB1E86B43B0032ED29 /* RDVTabBarItem.m */,
			);
			path = RDVTabBarController;
			sourceTree = "<group>";
		};
		FE4D1BBE1E86B92F0032ED29 /* Category */ = {
			isa = PBXGroup;
			children = (
				FE4D1BBF1E86B92F0032ED29 /* UIImage+Category.h */,
				FE4D1BC01E86B92F0032ED29 /* UIImage+Category.m */,
				FE4D1BC11E86B92F0032ED29 /* UIImage+Tint.h */,
				FE4D1BC21E86B92F0032ED29 /* UIImage+Tint.m */,
			);
			path = Category;
			sourceTree = "<group>";
		};
		FE4D1BC51E875E470032ED29 /* XMLDictionary */ = {
			isa = PBXGroup;
			children = (
				FE4D1BC61E875E470032ED29 /* XMLDictionary.h */,
				FE4D1BC71E875E470032ED29 /* XMLDictionary.m */,
			);
			path = XMLDictionary;
			sourceTree = "<group>";
		};
		FE4D1BD71E87915B0032ED29 /* ObjcRuntime */ = {
			isa = PBXGroup;
			children = (
				FE4D1BD81E87915B0032ED29 /* ObjcRuntime.h */,
				FE4D1BD91E87915B0032ED29 /* ObjcRuntime.m */,
				FE4D1BDA1E87915B0032ED29 /* UIViewController+Swizzle.h */,
				FE4D1BDB1E87915B0032ED29 /* UIViewController+Swizzle.m */,
			);
			path = ObjcRuntime;
			sourceTree = "<group>";
		};
		FEC5E7041E8AA88700FA7B64 /* Me */ = {
			isa = PBXGroup;
			children = (
				FEC5E70B1E8C036F00FA7B64 /* Setting */,
				FEC5E7051E8AA89D00FA7B64 /* Me_RootController.h */,
				FEC5E7061E8AA89D00FA7B64 /* Me_RootController.m */,
				894144A41E8B812000C8DD59 /* RMListModel.h */,
				894144A51E8B812000C8DD59 /* RMListModel.m */,
				FEC5E7081E8BF70C00FA7B64 /* RMLTools.h */,
				FEC5E7091E8BF70C00FA7B64 /* RMLTools.m */,
			);
			path = Me;
			sourceTree = "<group>";
		};
		FEC5E70B1E8C036F00FA7B64 /* Setting */ = {
			isa = PBXGroup;
			children = (
				FEC5E70C1E8C036F00FA7B64 /* Controller */,
				FEC5E7131E8C036F00FA7B64 /* Model */,
				FEC5E71E1E8C036F00FA7B64 /* View */,
			);
			path = Setting;
			sourceTree = "<group>";
		};
		FEC5E70C1E8C036F00FA7B64 /* Controller */ = {
			isa = PBXGroup;
			children = (
				FEC5E70D1E8C036F00FA7B64 /* AboutViewController.h */,
				FEC5E70E1E8C036F00FA7B64 /* AboutViewController.m */,
			);
			path = Controller;
			sourceTree = "<group>";
		};
		FEC5E7131E8C036F00FA7B64 /* Model */ = {
			isa = PBXGroup;
			children = (
				FEC5E7141E8C036F00FA7B64 /* CollectModel.h */,
				FEC5E7151E8C036F00FA7B64 /* CollectModel.m */,
				FEC5E7161E8C036F00FA7B64 /* HistoryCellModel.h */,
				FEC5E7171E8C036F00FA7B64 /* HistoryCellModel.m */,
				FEC5E7181E8C036F00FA7B64 /* SettingArrowItem.h */,
				FEC5E7191E8C036F00FA7B64 /* SettingArrowItem.m */,
				FEC5E71A1E8C036F00FA7B64 /* SettingItem.h */,
				FEC5E71B1E8C036F00FA7B64 /* SettingItem.m */,
				FEC5E71C1E8C036F00FA7B64 /* SettingSwitchItem.h */,
				FEC5E71D1E8C036F00FA7B64 /* SettingSwitchItem.m */,
			);
			path = Model;
			sourceTree = "<group>";
		};
		FEC5E71E1E8C036F00FA7B64 /* View */ = {
			isa = PBXGroup;
			children = (
				FEC5E71F1E8C036F00FA7B64 /* MeHeaderView.h */,
				FEC5E7201E8C036F00FA7B64 /* MeHeaderView.m */,
				FEC5E7211E8C036F00FA7B64 /* SettingCell.h */,
				FEC5E7221E8C036F00FA7B64 /* SettingCell.m */,
				FEC5E7231E8C036F00FA7B64 /* SettingCell.xib */,
				FEC5E7241E8C036F00FA7B64 /* SettingSwitchCell.h */,
				FEC5E7251E8C036F00FA7B64 /* SettingSwitchCell.m */,
				FEC5E7261E8C036F00FA7B64 /* SettingSwitchCell.xib */,
				FEC5E7271E8C036F00FA7B64 /* SettingSwitchCell2.h */,
				FEC5E7281E8C036F00FA7B64 /* SettingSwitchCell2.m */,
				FEC5E7291E8C036F00FA7B64 /* SettingSwitchCell2.xib */,
			);
			path = View;
			sourceTree = "<group>";
		};
		FEC5E7391E8C038E00FA7B64 /* ClearCache */ = {
			isa = PBXGroup;
			children = (
				FEC5E73A1E8C038E00FA7B64 /* Global.h */,
				FEC5E73B1E8C038E00FA7B64 /* Global.m */,
				FEC5E73C1E8C038E00FA7B64 /* WdCleanCaches.h */,
				FEC5E73D1E8C038E00FA7B64 /* WdCleanCaches.m */,
			);
			path = ClearCache;
			sourceTree = "<group>";
		};
		FEC5E7401E8C046900FA7B64 /* SVProgressHUD */ = {
			isa = PBXGroup;
			children = (
				FEC5E7411E8C046900FA7B64 /* SVIndefiniteAnimatedView.h */,
				FEC5E7421E8C046900FA7B64 /* SVIndefiniteAnimatedView.m */,
				FEC5E7431E8C046900FA7B64 /* SVProgressAnimatedView.h */,
				FEC5E7441E8C046900FA7B64 /* SVProgressAnimatedView.m */,
				FEC5E7451E8C046900FA7B64 /* SVProgressHUD-Prefix.pch */,
				FEC5E7461E8C046900FA7B64 /* SVProgressHUD.bundle */,
				FEC5E7471E8C046900FA7B64 /* SVProgressHUD.h */,
				FEC5E7481E8C046900FA7B64 /* SVProgressHUD.m */,
				FEC5E7491E8C046900FA7B64 /* SVRadialGradientLayer.h */,
				FEC5E74A1E8C046900FA7B64 /* SVRadialGradientLayer.m */,
			);
			path = SVProgressHUD;
			sourceTree = "<group>";
		};
/* End PBXGroup section */

/* Begin PBXNativeTarget section */
		8937FE611E864D7700B6D0CD /* iHonour */ = {
			isa = PBXNativeTarget;
			buildConfigurationList = 8937FE8F1E864D7700B6D0CD /* Build configuration list for PBXNativeTarget "iHonour" */;
			buildPhases = (
				FC48A55D24625EF0F3B15448 /* [CP] Check Pods Manifest.lock */,
				8937FE5E1E864D7700B6D0CD /* Sources */,
				8937FE5F1E864D7700B6D0CD /* Frameworks */,
				8937FE601E864D7700B6D0CD /* Resources */,
				D9CC50E65DFE407EBB4DA502 /* [CP] Embed Pods Frameworks */,
				6AEA58DBF34DED11693FC605 /* [CP] Copy Pods Resources */,
				894144A31E8B657300C8DD59 /* Embed Frameworks */,
				FEC5E7541E8C181900FA7B64 /* ShellScript */,
			);
			buildRules = (
			);
			dependencies = (
			);
			name = iHonour;
			productName = iHonour;
			productReference = 8937FE621E864D7700B6D0CD /* iHonour.app */;
			productType = "com.apple.product-type.application";
		};
		8937FE7A1E864D7700B6D0CD /* iHonourTests */ = {
			isa = PBXNativeTarget;
			buildConfigurationList = 8937FE921E864D7700B6D0CD /* Build configuration list for PBXNativeTarget "iHonourTests" */;
			buildPhases = (
				8937FE771E864D7700B6D0CD /* Sources */,
				8937FE781E864D7700B6D0CD /* Frameworks */,
				8937FE791E864D7700B6D0CD /* Resources */,
			);
			buildRules = (
			);
			dependencies = (
				8937FE7D1E864D7700B6D0CD /* PBXTargetDependency */,
			);
			name = iHonourTests;
			productName = iHonourTests;
			productReference = 8937FE7B1E864D7700B6D0CD /* iHonourTests.xctest */;
			productType = "com.apple.product-type.bundle.unit-test";
		};
		8937FE851E864D7700B6D0CD /* iHonourUITests */ = {
			isa = PBXNativeTarget;
			buildConfigurationList = 8937FE951E864D7700B6D0CD /* Build configuration list for PBXNativeTarget "iHonourUITests" */;
			buildPhases = (
				8937FE821E864D7700B6D0CD /* Sources */,
				8937FE831E864D7700B6D0CD /* Frameworks */,
				8937FE841E864D7700B6D0CD /* Resources */,
			);
			buildRules = (
			);
			dependencies = (
				8937FE881E864D7700B6D0CD /* PBXTargetDependency */,
			);
			name = iHonourUITests;
			productName = iHonourUITests;
			productReference = 8937FE861E864D7700B6D0CD /* iHonourUITests.xctest */;
			productType = "com.apple.product-type.bundle.ui-testing";
		};
/* End PBXNativeTarget section */

/* Begin PBXProject section */
		8937FE5A1E864D7700B6D0CD /* Project object */ = {
			isa = PBXProject;
			attributes = {
				LastUpgradeCheck = 0820;
				ORGANIZATIONNAME = ftf;
				TargetAttributes = {
					8937FE611E864D7700B6D0CD = {
						CreatedOnToolsVersion = 8.2.1;
						DevelopmentTeam = 68539G8D3N;
						ProvisioningStyle = Automatic;
					};
					8937FE7A1E864D7700B6D0CD = {
						CreatedOnToolsVersion = 8.2.1;
						ProvisioningStyle = Automatic;
						TestTargetID = 8937FE611E864D7700B6D0CD;
					};
					8937FE851E864D7700B6D0CD = {
						CreatedOnToolsVersion = 8.2.1;
						ProvisioningStyle = Automatic;
						TestTargetID = 8937FE611E864D7700B6D0CD;
					};
				};
			};
			buildConfigurationList = 8937FE5D1E864D7700B6D0CD /* Build configuration list for PBXProject "iHonour" */;
			compatibilityVersion = "Xcode 3.2";
			developmentRegion = English;
			hasScannedForEncodings = 0;
			knownRegions = (
				en,
				Base,
			);
			mainGroup = 8937FE591E864D7700B6D0CD;
			productRefGroup = 8937FE631E864D7700B6D0CD /* Products */;
			projectDirPath = "";
			projectRoot = "";
			targets = (
				8937FE611E864D7700B6D0CD /* iHonour */,
				8937FE7A1E864D7700B6D0CD /* iHonourTests */,
				8937FE851E864D7700B6D0CD /* iHonourUITests */,
			);
		};
/* End PBXProject section */

/* Begin PBXResourcesBuildPhase section */
		8937FE601E864D7700B6D0CD /* Resources */ = {
			isa = PBXResourcesBuildPhase;
			buildActionMask = 2147483647;
			files = (
				8937FE751E864D7700B6D0CD /* LaunchScreen.storyboard in Resources */,
				FEC5E7381E8C036F00FA7B64 /* SettingSwitchCell2.xib in Resources */,
				FE1877601E87F68D00A37B64 /* README.txt in Resources */,
				8937FE721E864D7700B6D0CD /* Assets.xcassets in Resources */,
				FE4D1BD01E8765B80032ED29 /* NewsCell.xib in Resources */,
				FE1877531E87DD8C00A37B64 /* HerosCell.xib in Resources */,
				8937FEDB1E864F5900B6D0CD /* MJRefresh.bundle in Resources */,
				FEC5E7341E8C036F00FA7B64 /* SettingCell.xib in Resources */,
				FEC5E74D1E8C046900FA7B64 /* SVProgressHUD.bundle in Resources */,
				FE1877581E87EE4900A37B64 /* HerosSectionHeaderView.xib in Resources */,
				FEC5E7361E8C036F00FA7B64 /* SettingSwitchCell.xib in Resources */,
				FE18774E1E87DD3400A37B64 /* HerosBackUp.js in Resources */,
				8937FE701E864D7700B6D0CD /* Main.storyboard in Resources */,
			);
			runOnlyForDeploymentPostprocessing = 0;
		};
		8937FE791E864D7700B6D0CD /* Resources */ = {
			isa = PBXResourcesBuildPhase;
			buildActionMask = 2147483647;
			files = (
			);
			runOnlyForDeploymentPostprocessing = 0;
		};
		8937FE841E864D7700B6D0CD /* Resources */ = {
			isa = PBXResourcesBuildPhase;
			buildActionMask = 2147483647;
			files = (
			);
			runOnlyForDeploymentPostprocessing = 0;
		};
/* End PBXResourcesBuildPhase section */

/* Begin PBXShellScriptBuildPhase section */
		6AEA58DBF34DED11693FC605 /* [CP] Copy Pods Resources */ = {
			isa = PBXShellScriptBuildPhase;
			buildActionMask = 2147483647;
			files = (
			);
			inputPaths = (
			);
			name = "[CP] Copy Pods Resources";
			outputPaths = (
			);
			runOnlyForDeploymentPostprocessing = 0;
			shellPath = /bin/sh;
			shellScript = "\"${SRCROOT}/Pods/Target Support Files/Pods-iHonour/Pods-iHonour-resources.sh\"\n";
			showEnvVarsInLog = 0;
		};
		D9CC50E65DFE407EBB4DA502 /* [CP] Embed Pods Frameworks */ = {
			isa = PBXShellScriptBuildPhase;
			buildActionMask = 2147483647;
			files = (
			);
			inputPaths = (
			);
			name = "[CP] Embed Pods Frameworks";
			outputPaths = (
			);
			runOnlyForDeploymentPostprocessing = 0;
			shellPath = /bin/sh;
			shellScript = "\"${SRCROOT}/Pods/Target Support Files/Pods-iHonour/Pods-iHonour-frameworks.sh\"\n";
			showEnvVarsInLog = 0;
		};
		FC48A55D24625EF0F3B15448 /* [CP] Check Pods Manifest.lock */ = {
			isa = PBXShellScriptBuildPhase;
			buildActionMask = 2147483647;
			files = (
			);
			inputPaths = (
			);
			name = "[CP] Check Pods Manifest.lock";
			outputPaths = (
			);
			runOnlyForDeploymentPostprocessing = 0;
			shellPath = /bin/sh;
			shellScript = "diff \"${PODS_ROOT}/../Podfile.lock\" \"${PODS_ROOT}/Manifest.lock\" > /dev/null\nif [ $? != 0 ] ; then\n    # print error to STDERR\n    echo \"error: The sandbox is not in sync with the Podfile.lock. Run 'pod install' or update your CocoaPods installation.\" >&2\n    exit 1\nfi\n";
			showEnvVarsInLog = 0;
		};
		FEC5E7541E8C181900FA7B64 /* ShellScript */ = {
			isa = PBXShellScriptBuildPhase;
			buildActionMask = 2147483647;
			files = (
			);
			inputPaths = (
			);
			outputPaths = (
			);
			runOnlyForDeploymentPostprocessing = 0;
			shellPath = /bin/sh;
			shellScript = "Without further ado, here’s the script. Add a Run Script step to your build steps, put it after your step to embed frameworks, set it to use /bin/sh and enter the following script:\n\nAPP_PATH=\"${TARGET_BUILD_DIR}/${WRAPPER_NAME}\"\n\n# This script loops through the frameworks embedded in the application and\n# removes unused architectures.\nfind \"$APP_PATH\" -name '*.framework' -type d | while read -r FRAMEWORK\ndo\nFRAMEWORK_EXECUTABLE_NAME=$(defaults read \"$FRAMEWORK/Info.plist\" CFBundleExecutable)\nFRAMEWORK_EXECUTABLE_PATH=\"$FRAMEWORK/$FRAMEWORK_EXECUTABLE_NAME\"\necho \"Executable is $FRAMEWORK_EXECUTABLE_PATH\"\n\nEXTRACTED_ARCHS=()\n\nfor ARCH in $ARCHS\ndo\necho \"Extracting $ARCH from $FRAMEWORK_EXECUTABLE_NAME\"\nlipo -extract \"$ARCH\" \"$FRAMEWORK_EXECUTABLE_PATH\" -o \"$FRAMEWORK_EXECUTABLE_PATH-$ARCH\"\nEXTRACTED_ARCHS+=(\"$FRAMEWORK_EXECUTABLE_PATH-$ARCH\")\ndone\n\necho \"Merging extracted architectures: ${ARCHS}\"\nlipo -o \"$FRAMEWORK_EXECUTABLE_PATH-merged\" -create \"${EXTRACTED_ARCHS[@]}\"\nrm \"${EXTRACTED_ARCHS[@]}\"\n\necho \"Replacing original executable with thinned version\"\nrm \"$FRAMEWORK_EXECUTABLE_PATH\"\nmv \"$FRAMEWORK_EXECUTABLE_PATH-merged\" \"$FRAMEWORK_EXECUTABLE_PATH\"\n\ndone\n";
		};
/* End PBXShellScriptBuildPhase section */

/* Begin PBXSourcesBuildPhase section */
		8937FE5E1E864D7700B6D0CD /* Sources */ = {
			isa = PBXSourcesBuildPhase;
			buildActionMask = 2147483647;
			files = (
				FE4D1BA01E86B4000032ED29 /* BaseNavigationController.m in Sources */,
				FE4D1BAE1E86B43B0032ED29 /* RDVTabBarItem.m in Sources */,
				8937FE6D1E864D7700B6D0CD /* ViewController.m in Sources */,
				8937FEDD1E864F5900B6D0CD /* NSBundle+MJRefresh.m in Sources */,
				8937FED31E864F5900B6D0CD /* MJRefreshAutoNormalFooter.m in Sources */,
				FEC5E74B1E8C046900FA7B64 /* SVIndefiniteAnimatedView.m in Sources */,
				8937FEF81E86511300B6D0CD /* TFHpple.m in Sources */,
				8937FED21E864F5900B6D0CD /* MJRefreshAutoGifFooter.m in Sources */,
				8937FEDE1E864F5900B6D0CD /* UIScrollView+MJExtension.m in Sources */,
				FEC5E7351E8C036F00FA7B64 /* SettingSwitchCell.m in Sources */,
				FEC5E7331E8C036F00FA7B64 /* SettingCell.m in Sources */,
				FEC5E7321E8C036F00FA7B64 /* MeHeaderView.m in Sources */,
				894145EA1E8E550400C8DD59 /* UIScrollView+EmptyDataSet.m in Sources */,
				FE4D1BD31E878F460032ED29 /* HtmlDetailViewController.m in Sources */,
				FEC5E74C1E8C046900FA7B64 /* SVProgressAnimatedView.m in Sources */,
				FE4D1BA31E86B4000032ED29 /* BaseViewController.m in Sources */,
				FE4D1BB41E86B8B40032ED29 /* Cheats_RootController.m in Sources */,
				FEC5E72E1E8C036F00FA7B64 /* HistoryCellModel.m in Sources */,
				8937FEF91E86511300B6D0CD /* TFHppleElement.m in Sources */,
				FEC5E7311E8C036F00FA7B64 /* SettingSwitchItem.m in Sources */,
				FE18775B1E87F3D200A37B64 /* AdmobView.m in Sources */,
				8937FED81E864F5900B6D0CD /* MJRefreshGifHeader.m in Sources */,
				8937FE6A1E864D7700B6D0CD /* AppDelegate.m in Sources */,
				8937FECF1E864F5900B6D0CD /* MJRefreshComponent.m in Sources */,
				8937FED11E864F5900B6D0CD /* MJRefreshHeader.m in Sources */,
				894144A61E8B812000C8DD59 /* RMListModel.m in Sources */,
				8937FEE71E864FC000B6D0CD /* TFWebView.m in Sources */,
				FE4D1BAD1E86B43B0032ED29 /* RDVTabBarController.m in Sources */,
				FE4D1BB11E86B8A60032ED29 /* News_RootController.m in Sources */,
				FEC5E73E1E8C038E00FA7B64 /* Global.m in Sources */,
				FE4D1B9F1E86B4000032ED29 /* Base_TableViewController.m in Sources */,
				FEC5E7031E895C8700FA7B64 /* AdmobCell.m in Sources */,
				894145EF1E8E551700C8DD59 /* UIColor+Hexadecimal.m in Sources */,
				FE4D1BDD1E87915B0032ED29 /* UIViewController+Swizzle.m in Sources */,
				8937FEEE1E8650BF00B6D0CD /* HTMLNode.m in Sources */,
				8937FEE01E864F5900B6D0CD /* UIView+MJExtension.m in Sources */,
				8937FED71E864F5900B6D0CD /* MJRefreshBackStateFooter.m in Sources */,
				FEC5E7371E8C036F00FA7B64 /* SettingSwitchCell2.m in Sources */,
				FE4D1BC31E86B92F0032ED29 /* UIImage+Category.m in Sources */,
				894145EB1E8E550400C8DD59 /* DGActivityIndicatorRotatingTrigonAnimation.m in Sources */,
				8937FECD1E864F5900B6D0CD /* MJRefreshAutoFooter.m in Sources */,
				FE1877491E87A40400A37B64 /* HerosModel.m in Sources */,
				FE1877521E87DD8C00A37B64 /* HerosCell.m in Sources */,
				8937FEDF1E864F5900B6D0CD /* UIScrollView+MJRefresh.m in Sources */,
				FEC5E74E1E8C046900FA7B64 /* SVProgressHUD.m in Sources */,
				8937FEF01E8650BF00B6D0CD /* README.md in Sources */,
				FEC5E70A1E8BF70C00FA7B64 /* RMLTools.m in Sources */,
				8937FEEF1E8650BF00B6D0CD /* HTMLParser.m in Sources */,
				FEC5E73F1E8C038E00FA7B64 /* WdCleanCaches.m in Sources */,
				FE4D1BC41E86B92F0032ED29 /* UIImage+Tint.m in Sources */,
				FE4D1BC81E875E470032ED29 /* XMLDictionary.m in Sources */,
				FE4D1BB71E86B8C40032ED29 /* Heros_RootController.m in Sources */,
				8937FED51E864F5900B6D0CD /* MJRefreshBackGifFooter.m in Sources */,
				FE4D1BCF1E8765B80032ED29 /* NewsCell.m in Sources */,
				8937FED91E864F5900B6D0CD /* MJRefreshNormalHeader.m in Sources */,
				8937FED41E864F5900B6D0CD /* MJRefreshAutoStateFooter.m in Sources */,
				FEC5E7301E8C036F00FA7B64 /* SettingItem.m in Sources */,
				894145EC1E8E550400C8DD59 /* DGActivityIndicatorView.m in Sources */,
				FEC5E7521E8C048500FA7B64 /* CollectionViewController.m in Sources */,
				FE4D1BAC1E86B43B0032ED29 /* RDVTabBar.m in Sources */,
				8937FEFA1E86511300B6D0CD /* XPathQuery.m in Sources */,
				8937FECE1E864F5900B6D0CD /* MJRefreshBackFooter.m in Sources */,
				FEC5E7071E8AA89D00FA7B64 /* Me_RootController.m in Sources */,
				8937FE671E864D7700B6D0CD /* main.m in Sources */,
				8937FEDC1E864F5900B6D0CD /* MJRefreshConst.m in Sources */,
				FE4D1BA21E86B4000032ED29 /* BaseTableViewController.m in Sources */,
				FE4D1BCB1E87630A0032ED29 /* NewsModel.m in Sources */,
				FE4D1BDC1E87915B0032ED29 /* ObjcRuntime.m in Sources */,
				FEC5E74F1E8C046900FA7B64 /* SVRadialGradientLayer.m in Sources */,
				FEC5E72F1E8C036F00FA7B64 /* SettingArrowItem.m in Sources */,
				FEC5E72A1E8C036F00FA7B64 /* AboutViewController.m in Sources */,
				FE4D1BA11E86B4000032ED29 /* BaseTabBarController.m in Sources */,
				8937FED61E864F5900B6D0CD /* MJRefreshBackNormalFooter.m in Sources */,
				8937FEDA1E864F5900B6D0CD /* MJRefreshStateHeader.m in Sources */,
				FEC5E72D1E8C036F00FA7B64 /* CollectModel.m in Sources */,
				8937FED01E864F5900B6D0CD /* MJRefreshFooter.m in Sources */,
				FE1877571E87EE4900A37B64 /* HerosSectionHeaderView.m in Sources */,
			);
			runOnlyForDeploymentPostprocessing = 0;
		};
		8937FE771E864D7700B6D0CD /* Sources */ = {
			isa = PBXSourcesBuildPhase;
			buildActionMask = 2147483647;
			files = (
				8937FE801E864D7700B6D0CD /* iHonourTests.m in Sources */,
			);
			runOnlyForDeploymentPostprocessing = 0;
		};
		8937FE821E864D7700B6D0CD /* Sources */ = {
			isa = PBXSourcesBuildPhase;
			buildActionMask = 2147483647;
			files = (
				8937FE8B1E864D7700B6D0CD /* iHonourUITests.m in Sources */,
			);
			runOnlyForDeploymentPostprocessing = 0;
		};
/* End PBXSourcesBuildPhase section */

/* Begin PBXTargetDependency section */
		8937FE7D1E864D7700B6D0CD /* PBXTargetDependency */ = {
			isa = PBXTargetDependency;
			target = 8937FE611E864D7700B6D0CD /* iHonour */;
			targetProxy = 8937FE7C1E864D7700B6D0CD /* PBXContainerItemProxy */;
		};
		8937FE881E864D7700B6D0CD /* PBXTargetDependency */ = {
			isa = PBXTargetDependency;
			target = 8937FE611E864D7700B6D0CD /* iHonour */;
			targetProxy = 8937FE871E864D7700B6D0CD /* PBXContainerItemProxy */;
		};
/* End PBXTargetDependency section */

/* Begin PBXVariantGroup section */
		8937FE6E1E864D7700B6D0CD /* Main.storyboard */ = {
			isa = PBXVariantGroup;
			children = (
				8937FE6F1E864D7700B6D0CD /* Base */,
			);
			name = Main.storyboard;
			sourceTree = "<group>";
		};
		8937FE731E864D7700B6D0CD /* LaunchScreen.storyboard */ = {
			isa = PBXVariantGroup;
			children = (
				8937FE741E864D7700B6D0CD /* Base */,
			);
			name = LaunchScreen.storyboard;
			sourceTree = "<group>";
		};
/* End PBXVariantGroup section */

/* Begin XCBuildConfiguration section */
		8937FE8D1E864D7700B6D0CD /* Debug */ = {
			isa = XCBuildConfiguration;
			buildSettings = {
				ALWAYS_SEARCH_USER_PATHS = NO;
				CLANG_ANALYZER_NONNULL = YES;
				CLANG_CXX_LANGUAGE_STANDARD = "gnu++0x";
				CLANG_CXX_LIBRARY = "libc++";
				CLANG_ENABLE_MODULES = YES;
				CLANG_ENABLE_OBJC_ARC = YES;
				CLANG_WARN_BOOL_CONVERSION = YES;
				CLANG_WARN_CONSTANT_CONVERSION = YES;
				CLANG_WARN_DIRECT_OBJC_ISA_USAGE = YES_ERROR;
				CLANG_WARN_DOCUMENTATION_COMMENTS = YES;
				CLANG_WARN_EMPTY_BODY = YES;
				CLANG_WARN_ENUM_CONVERSION = YES;
				CLANG_WARN_INFINITE_RECURSION = YES;
				CLANG_WARN_INT_CONVERSION = YES;
				CLANG_WARN_OBJC_ROOT_CLASS = YES_ERROR;
				CLANG_WARN_SUSPICIOUS_MOVE = YES;
				CLANG_WARN_UNREACHABLE_CODE = YES;
				CLANG_WARN__DUPLICATE_METHOD_MATCH = YES;
				"CODE_SIGN_IDENTITY[sdk=iphoneos*]" = "iPhone Developer";
				COPY_PHASE_STRIP = NO;
				DEBUG_INFORMATION_FORMAT = dwarf;
				ENABLE_STRICT_OBJC_MSGSEND = YES;
				ENABLE_TESTABILITY = YES;
				GCC_C_LANGUAGE_STANDARD = gnu99;
				GCC_DYNAMIC_NO_PIC = NO;
				GCC_NO_COMMON_BLOCKS = YES;
				GCC_OPTIMIZATION_LEVEL = 0;
				GCC_PREPROCESSOR_DEFINITIONS = (
					"DEBUG=1",
					"$(inherited)",
				);
				GCC_WARN_64_TO_32_BIT_CONVERSION = YES;
				GCC_WARN_ABOUT_RETURN_TYPE = YES_ERROR;
				GCC_WARN_UNDECLARED_SELECTOR = YES;
				GCC_WARN_UNINITIALIZED_AUTOS = YES_AGGRESSIVE;
				GCC_WARN_UNUSED_FUNCTION = YES;
				GCC_WARN_UNUSED_VARIABLE = YES;
				IPHONEOS_DEPLOYMENT_TARGET = 10.2;
				MTL_ENABLE_DEBUG_INFO = YES;
				ONLY_ACTIVE_ARCH = YES;
				SDKROOT = iphoneos;
				TARGETED_DEVICE_FAMILY = "1,2";
			};
			name = Debug;
		};
		8937FE8E1E864D7700B6D0CD /* Release */ = {
			isa = XCBuildConfiguration;
			buildSettings = {
				ALWAYS_SEARCH_USER_PATHS = NO;
				CLANG_ANALYZER_NONNULL = YES;
				CLANG_CXX_LANGUAGE_STANDARD = "gnu++0x";
				CLANG_CXX_LIBRARY = "libc++";
				CLANG_ENABLE_MODULES = YES;
				CLANG_ENABLE_OBJC_ARC = YES;
				CLANG_WARN_BOOL_CONVERSION = YES;
				CLANG_WARN_CONSTANT_CONVERSION = YES;
				CLANG_WARN_DIRECT_OBJC_ISA_USAGE = YES_ERROR;
				CLANG_WARN_DOCUMENTATION_COMMENTS = YES;
				CLANG_WARN_EMPTY_BODY = YES;
				CLANG_WARN_ENUM_CONVERSION = YES;
				CLANG_WARN_INFINITE_RECURSION = YES;
				CLANG_WARN_INT_CONVERSION = YES;
				CLANG_WARN_OBJC_ROOT_CLASS = YES_ERROR;
				CLANG_WARN_SUSPICIOUS_MOVE = YES;
				CLANG_WARN_UNREACHABLE_CODE = YES;
				CLANG_WARN__DUPLICATE_METHOD_MATCH = YES;
				"CODE_SIGN_IDENTITY[sdk=iphoneos*]" = "iPhone Developer";
				COPY_PHASE_STRIP = NO;
				DEBUG_INFORMATION_FORMAT = "dwarf-with-dsym";
				ENABLE_NS_ASSERTIONS = NO;
				ENABLE_STRICT_OBJC_MSGSEND = YES;
				GCC_C_LANGUAGE_STANDARD = gnu99;
				GCC_NO_COMMON_BLOCKS = YES;
				GCC_WARN_64_TO_32_BIT_CONVERSION = YES;
				GCC_WARN_ABOUT_RETURN_TYPE = YES_ERROR;
				GCC_WARN_UNDECLARED_SELECTOR = YES;
				GCC_WARN_UNINITIALIZED_AUTOS = YES_AGGRESSIVE;
				GCC_WARN_UNUSED_FUNCTION = YES;
				GCC_WARN_UNUSED_VARIABLE = YES;
				IPHONEOS_DEPLOYMENT_TARGET = 10.2;
				MTL_ENABLE_DEBUG_INFO = NO;
				SDKROOT = iphoneos;
				TARGETED_DEVICE_FAMILY = "1,2";
				VALIDATE_PRODUCT = YES;
			};
			name = Release;
		};
		8937FE901E864D7700B6D0CD /* Debug */ = {
			isa = XCBuildConfiguration;
			baseConfigurationReference = 7EC67CA08335DA469BBE4CD1 /* Pods-iHonour.debug.xcconfig */;
			buildSettings = {
				ASSETCATALOG_COMPILER_APPICON_NAME = AppIcon;
				DEVELOPMENT_TEAM = 68539G8D3N;
				FRAMEWORK_SEARCH_PATHS = (
					"$(inherited)",
					"$(PROJECT_DIR)/iHonour/Lib/Vendor/GoogleMobileAdsSdkiOS-7.19.0",
					"$(PROJECT_DIR)/iHonour/Lib/Vendor/realm-objc-2.4.4",
				);
				GCC_PREFIX_HEADER = "$(SRCROOT)/iHonour/PrefixHeader.pch";
				HEADER_SEARCH_PATHS = (
					"$(inherited)",
					"\"${PODS_ROOT}/Headers/Public\"",
					"\"${PODS_ROOT}/Headers/Public/Masonry\"",
					"\"${PODS_ROOT}/Headers/Public/UMengAnalytics\"",
					"\"${PODS_ROOT}/Headers/Public/UMengUShare\"",
					"\"${PODS_ROOT}/Headers/Public/YYKit\"",
					/usr/include/libxml2,
				);
				INFOPLIST_FILE = iHonour/Info.plist;
				IPHONEOS_DEPLOYMENT_TARGET = 8.0;
				LD_RUNPATH_SEARCH_PATHS = "$(inherited) @executable_path/Frameworks";
				PRODUCT_BUNDLE_IDENTIFIER = com.ftf.ihonour;
				PRODUCT_NAME = "$(TARGET_NAME)";
			};
			name = Debug;
		};
		8937FE911E864D7700B6D0CD /* Release */ = {
			isa = XCBuildConfiguration;
			baseConfigurationReference = 3C1F6592B0D64DBAE5940729 /* Pods-iHonour.release.xcconfig */;
			buildSettings = {
				ASSETCATALOG_COMPILER_APPICON_NAME = AppIcon;
				DEVELOPMENT_TEAM = 68539G8D3N;
				FRAMEWORK_SEARCH_PATHS = (
					"$(inherited)",
					"$(PROJECT_DIR)/iHonour/Lib/Vendor/GoogleMobileAdsSdkiOS-7.19.0",
					"$(PROJECT_DIR)/iHonour/Lib/Vendor/realm-objc-2.4.4",
				);
				GCC_PREFIX_HEADER = "$(SRCROOT)/iHonour/PrefixHeader.pch";
				HEADER_SEARCH_PATHS = (
					"$(inherited)",
					"\"${PODS_ROOT}/Headers/Public\"",
					"\"${PODS_ROOT}/Headers/Public/Masonry\"",
					"\"${PODS_ROOT}/Headers/Public/UMengAnalytics\"",
					"\"${PODS_ROOT}/Headers/Public/UMengUShare\"",
					"\"${PODS_ROOT}/Headers/Public/YYKit\"",
					/usr/include/libxml2,
				);
				INFOPLIST_FILE = iHonour/Info.plist;
				IPHONEOS_DEPLOYMENT_TARGET = 8.0;
				LD_RUNPATH_SEARCH_PATHS = "$(inherited) @executable_path/Frameworks";
				PRODUCT_BUNDLE_IDENTIFIER = com.ftf.ihonour;
				PRODUCT_NAME = "$(TARGET_NAME)";
			};
			name = Release;
		};
		8937FE931E864D7700B6D0CD /* Debug */ = {
			isa = XCBuildConfiguration;
			buildSettings = {
				BUNDLE_LOADER = "$(TEST_HOST)";
				INFOPLIST_FILE = iHonourTests/Info.plist;
				LD_RUNPATH_SEARCH_PATHS = "$(inherited) @executable_path/Frameworks @loader_path/Frameworks";
				PRODUCT_BUNDLE_IDENTIFIER = com.ftf.ihonour.iHonourTests;
				PRODUCT_NAME = "$(TARGET_NAME)";
				TEST_HOST = "$(BUILT_PRODUCTS_DIR)/iHonour.app/iHonour";
			};
			name = Debug;
		};
		8937FE941E864D7700B6D0CD /* Release */ = {
			isa = XCBuildConfiguration;
			buildSettings = {
				BUNDLE_LOADER = "$(TEST_HOST)";
				INFOPLIST_FILE = iHonourTests/Info.plist;
				LD_RUNPATH_SEARCH_PATHS = "$(inherited) @executable_path/Frameworks @loader_path/Frameworks";
				PRODUCT_BUNDLE_IDENTIFIER = com.ftf.ihonour.iHonourTests;
				PRODUCT_NAME = "$(TARGET_NAME)";
				TEST_HOST = "$(BUILT_PRODUCTS_DIR)/iHonour.app/iHonour";
			};
			name = Release;
		};
		8937FE961E864D7700B6D0CD /* Debug */ = {
			isa = XCBuildConfiguration;
			buildSettings = {
				INFOPLIST_FILE = iHonourUITests/Info.plist;
				LD_RUNPATH_SEARCH_PATHS = "$(inherited) @executable_path/Frameworks @loader_path/Frameworks";
				PRODUCT_BUNDLE_IDENTIFIER = com.ftf.ihonour.iHonourUITests;
				PRODUCT_NAME = "$(TARGET_NAME)";
				TEST_TARGET_NAME = iHonour;
			};
			name = Debug;
		};
		8937FE971E864D7700B6D0CD /* Release */ = {
			isa = XCBuildConfiguration;
			buildSettings = {
				INFOPLIST_FILE = iHonourUITests/Info.plist;
				LD_RUNPATH_SEARCH_PATHS = "$(inherited) @executable_path/Frameworks @loader_path/Frameworks";
				PRODUCT_BUNDLE_IDENTIFIER = com.ftf.ihonour.iHonourUITests;
				PRODUCT_NAME = "$(TARGET_NAME)";
				TEST_TARGET_NAME = iHonour;
			};
			name = Release;
		};
/* End XCBuildConfiguration section */

/* Begin XCConfigurationList section */
		8937FE5D1E864D7700B6D0CD /* Build configuration list for PBXProject "iHonour" */ = {
			isa = XCConfigurationList;
			buildConfigurations = (
				8937FE8D1E864D7700B6D0CD /* Debug */,
				8937FE8E1E864D7700B6D0CD /* Release */,
			);
			defaultConfigurationIsVisible = 0;
			defaultConfigurationName = Release;
		};
		8937FE8F1E864D7700B6D0CD /* Build configuration list for PBXNativeTarget "iHonour" */ = {
			isa = XCConfigurationList;
			buildConfigurations = (
				8937FE901E864D7700B6D0CD /* Debug */,
				8937FE911E864D7700B6D0CD /* Release */,
			);
			defaultConfigurationIsVisible = 0;
			defaultConfigurationName = Release;
		};
		8937FE921E864D7700B6D0CD /* Build configuration list for PBXNativeTarget "iHonourTests" */ = {
			isa = XCConfigurationList;
			buildConfigurations = (
				8937FE931E864D7700B6D0CD /* Debug */,
				8937FE941E864D7700B6D0CD /* Release */,
			);
			defaultConfigurationIsVisible = 0;
			defaultConfigurationName = Release;
		};
		8937FE951E864D7700B6D0CD /* Build configuration list for PBXNativeTarget "iHonourUITests" */ = {
			isa = XCConfigurationList;
			buildConfigurations = (
				8937FE961E864D7700B6D0CD /* Debug */,
				8937FE971E864D7700B6D0CD /* Release */,
			);
			defaultConfigurationIsVisible = 0;
			defaultConfigurationName = Release;
		};
/* End XCConfigurationList section */
	};
	rootObject = 8937FE5A1E864D7700B6D0CD /* Project object */;
}
